{
    "_meta": {
        "hash": {
            "sha256": "25b088a2feaee783473c324ce2a3e9af9449b667e9fc5f422f49c57afc7c8a31"
        },
        "pipfile-spec": 6,
        "requires": {
            "python_version": "3.9"
        },
        "sources": [
            {
                "name": "pypi",
                "url": "https://pypi.org/simple",
                "verify_ssl": true
            }
        ]
    },
    "default": {
        "docopt": {
            "hashes": [
                "sha256:49b3a825280bd66b3aa83585ef59c4a8c82f2c8a522dbe754a8bc8d08c85c491"
            ],
            "version": "==0.6.2"
        },
        "openstep-parser": {
            "hashes": [
                "sha256:56d7d25f6bfb1b17ce6c522f2467cf114f70b0c910693a07d4513109e19e9b18",
                "sha256:f03c7fd9c78ac718c470cb0f667c1f09fa7f58786314f77fef8767302abe1658"
            ],
            "version": "==1.5.4"
        },
        "pbxproj": {
            "editable": true,
            "git": "https://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@github.com/i-r-l/mod-pbxproj",
            "ref": "fcf1db42768b5cd8c6a09df852e5a9237b3cac22"
        }
    },
    "develop": {}
}
