// !$*UTF8*$!
{
	archiveVersion = 1;
	classes = {
	};
	objectVersion = 56;
	objects = {

/* Begin PBXBuildFile section */
		535C4E94A168B2A4AA235465 /* Sage.pb.swift in Sources */ = {isa = PBXBuildFile; fileRef = F8AC47A08DD995A6008E6A47 /* Sage.pb.swift */; };
		8B14942429A84FC4001497FE /* AuthView.swift in Sources */ = {isa = PBXBuildFile; fileRef = 8B14942329A84FC4001497FE /* AuthView.swift */; };
		8B14942F29A85C6C001497FE /* UserModel.swift in Sources */ = {isa = PBXBuildFile; fileRef = 8B14942E29A85C6C001497FE /* UserModel.swift */; };
		8B14943229A85D31001497FE /* IntroModel.swift in Sources */ = {isa = PBXBuildFile; fileRef = 8B14943129A85D31001497FE /* IntroModel.swift */; };
		8B14943829A87C61001497FE /* KeyChain.swift in Sources */ = {isa = PBXBuildFile; fileRef = 8B14943729A87C61001497FE /* KeyChain.swift */; };
		8B14943A29A8932A001497FE /* SlideCreateUser.swift in Sources */ = {isa = PBXBuildFile; fileRef = 8B14943929A8932A001497FE /* SlideCreateUser.swift */; };
		8B22682F29BE5718009EC60F /* WelcomeView.swift in Sources */ = {isa = PBXBuildFile; fileRef = 8B22682E29BE5718009EC60F /* WelcomeView.swift */; };
		8B275AA1298A3A9300E89EF1 /* SlideUpdateLocation.swift in Sources */ = {isa = PBXBuildFile; fileRef = 8B275AA0298A3A9300E89EF1 /* SlideUpdateLocation.swift */; };
		8B2E31B72A08566C00E02591 /* CameraVideoChatSelfView.swift in Sources */ = {isa = PBXBuildFile; fileRef = 8B2E31B62A08566C00E02591 /* CameraVideoChatSelfView.swift */; };
		8B2E31B92A08758500E02591 /* WebRTCModel.swift in Sources */ = {isa = PBXBuildFile; fileRef = 8B2E31B82A08758500E02591 /* WebRTCModel.swift */; };
		8B2E31BC2A08791800E02591 /* WebRTCPeerModel.swift in Sources */ = {isa = PBXBuildFile; fileRef = 8B2E31BB2A08791800E02591 /* WebRTCPeerModel.swift */; };
		8B2E31BE2A0887CD00E02591 /* WebRTCSignalingModel.swift in Sources */ = {isa = PBXBuildFile; fileRef = 8B2E31BD2A0887CD00E02591 /* WebRTCSignalingModel.swift */; };
		8B2FDB0029C3FEAF00C18123 /* plant.mp4 in Resources */ = {isa = PBXBuildFile; fileRef = 8B2FDAFF29C3FEAF00C18123 /* plant.mp4 */; };
		8B2FDB1329C4125C00C18123 /* WelcomeCardView.swift in Sources */ = {isa = PBXBuildFile; fileRef = 8B2FDB1229C4125C00C18123 /* WelcomeCardView.swift */; };
		8B2FDB1F29C4169000C18123 /* Lottie in Frameworks */ = {isa = PBXBuildFile; productRef = 8B2FDB1E29C4169000C18123 /* Lottie */; };
		8B2FDB2329C417BF00C18123 /* LottieView.swift in Sources */ = {isa = PBXBuildFile; fileRef = 8B2FDB2229C417BF00C18123 /* LottieView.swift */; };
		8B2FDB2929C4365F00C18123 /* ProfileCreationView.swift in Sources */ = {isa = PBXBuildFile; fileRef = 8B2FDB2829C4365F00C18123 /* ProfileCreationView.swift */; };
		8B2FDB2C29C437B400C18123 /* ProfileModel.swift in Sources */ = {isa = PBXBuildFile; fileRef = 8B2FDB2B29C437B400C18123 /* ProfileModel.swift */; };
		8B32E5552A15EFC30066FD7B /* CameraVideoChatView.swift in Sources */ = {isa = PBXBuildFile; fileRef = 8B32E5542A15EFC30066FD7B /* CameraVideoChatView.swift */; };
		8B32E5572A15F73B0066FD7B /* CallModel.swift in Sources */ = {isa = PBXBuildFile; fileRef = 8B32E5562A15F73B0066FD7B /* CallModel.swift */; };
		8B32E55B2A1AE6DD0066FD7B /* AuthAppleModel.swift in Sources */ = {isa = PBXBuildFile; fileRef = 8B32E55A2A1AE6DD0066FD7B /* AuthAppleModel.swift */; };
		8B32E55D2A1AE7130066FD7B /* AuthGoogleModel.swift in Sources */ = {isa = PBXBuildFile; fileRef = 8B32E55C2A1AE7130066FD7B /* AuthGoogleModel.swift */; };
		8B32E55F2A1AE7290066FD7B /* AuthDeviceModel.swift in Sources */ = {isa = PBXBuildFile; fileRef = 8B32E55E2A1AE7290066FD7B /* AuthDeviceModel.swift */; };
		8B32E5622A1AEFCA0066FD7B /* SwiftProtobuf in Frameworks */ = {isa = PBXBuildFile; productRef = 8B32E5612A1AEFCA0066FD7B /* SwiftProtobuf */; };
		8B32E5642A1AEFCA0066FD7B /* SwiftProtobufPluginLibrary in Frameworks */ = {isa = PBXBuildFile; productRef = 8B32E5632A1AEFCA0066FD7B /* SwiftProtobufPluginLibrary */; };
		8B32E5662A1AEFCA0066FD7B /* protoc-gen-swift in Frameworks */ = {isa = PBXBuildFile; productRef = 8B32E5652A1AEFCA0066FD7B /* protoc-gen-swift */; };
		8B39CEF629CD90BD00DB250E /* ghost.json in Resources */ = {isa = PBXBuildFile; fileRef = 8B39CEF529CD90BD00DB250E /* ghost.json */; };
		8B39CEF829CD90D600DB250E /* sage.json in Resources */ = {isa = PBXBuildFile; fileRef = 8B39CEF729CD90D600DB250E /* sage.json */; };
		8B39CEFA29CD90F800DB250E /* authentic.json in Resources */ = {isa = PBXBuildFile; fileRef = 8B39CEF929CD90F800DB250E /* authentic.json */; };
		8B39CEFD29CD9C4400DB250E /* fleeing.json in Resources */ = {isa = PBXBuildFile; fileRef = 8B39CEFC29CD9C4400DB250E /* fleeing.json */; };
		8B39CEFF29CD9E0F00DB250E /* swaying.json in Resources */ = {isa = PBXBuildFile; fileRef = 8B39CEFE29CD9E0F00DB250E /* swaying.json */; };
		8B530E6929EFD46F0031D7DE /* WebRTC in Frameworks */ = {isa = PBXBuildFile; productRef = 8B530E6829EFD46F0031D7DE /* WebRTC */; };
		8B530E6B29EFD5B30031D7DE /* WebRTCSignalingClient.swift in Sources */ = {isa = PBXBuildFile; fileRef = 8B530E6A29EFD5B30031D7DE /* WebRTCSignalingClient.swift */; };
		8B530E7229EFD6C90031D7DE /* WebRTCMessage.swift in Sources */ = {isa = PBXBuildFile; fileRef = 8B530E7129EFD6C90031D7DE /* WebRTCMessage.swift */; };
		8B530E7429EFD6F90031D7DE /* WebRTCSessionDescription.swift in Sources */ = {isa = PBXBuildFile; fileRef = 8B530E7329EFD6F90031D7DE /* WebRTCSessionDescription.swift */; };
		8B530E7629EFD7170031D7DE /* WebRTCStates.swift in Sources */ = {isa = PBXBuildFile; fileRef = 8B530E7529EFD7170031D7DE /* WebRTCStates.swift */; };
		8B530E7829EFD73B0031D7DE /* WebRTCIceCandidate.swift in Sources */ = {isa = PBXBuildFile; fileRef = 8B530E7729EFD73B0031D7DE /* WebRTCIceCandidate.swift */; };
		8B54697C29A16A6D00648205 /* CameraView.swift in Sources */ = {isa = PBXBuildFile; fileRef = 8B54697B29A16A6D00648205 /* CameraView.swift */; };
		8B54697F29A16B6F00648205 /* CameraCaptureButton.swift in Sources */ = {isa = PBXBuildFile; fileRef = 8B54697E29A16B6F00648205 /* CameraCaptureButton.swift */; };
		8B54698229A16BF600648205 /* CameraModel.swift in Sources */ = {isa = PBXBuildFile; fileRef = 8B54698129A16BF600648205 /* CameraModel.swift */; };
		8B5469C029A1848A00648205 /* CameraCaptureView.swift in Sources */ = {isa = PBXBuildFile; fileRef = 8B5469BF29A1848A00648205 /* CameraCaptureView.swift */; };
		8B5469C229A1855400648205 /* CameraLiveView.swift in Sources */ = {isa = PBXBuildFile; fileRef = 8B5469C129A1855400648205 /* CameraLiveView.swift */; };
		8B5469C429A1BEED00648205 /* CameraCaptureSettingsView.swift in Sources */ = {isa = PBXBuildFile; fileRef = 8B5469C329A1BEED00648205 /* CameraCaptureSettingsView.swift */; };
		8B5469CA29A1EB3B00648205 /* SlidePresignData.swift in Sources */ = {isa = PBXBuildFile; fileRef = 8B5469C929A1EB3B00648205 /* SlidePresignData.swift */; };
		8B5469CD29A1EB8900648205 /* SlidePresignUrl.swift in Sources */ = {isa = PBXBuildFile; fileRef = 8B5469CC29A1EB8900648205 /* SlidePresignUrl.swift */; };
		8B89FDFD29DE889B0051F0D5 /* SelectOptionsView.swift in Sources */ = {isa = PBXBuildFile; fileRef = 8B89FDFC29DE889B0051F0D5 /* SelectOptionsView.swift */; };
		8B89FE0029DE89810051F0D5 /* TextButtonView.swift in Sources */ = {isa = PBXBuildFile; fileRef = 8B89FDFF29DE89810051F0D5 /* TextButtonView.swift */; };
		8B89FE0229DE8A8A0051F0D5 /* ChevronView.swift in Sources */ = {isa = PBXBuildFile; fileRef = 8B89FE0129DE8A8A0051F0D5 /* ChevronView.swift */; };
		8B89FE0529DE8C240051F0D5 /* DoubleChevronView.swift in Sources */ = {isa = PBXBuildFile; fileRef = 8B89FE0429DE8C240051F0D5 /* DoubleChevronView.swift */; };
		8B89FE0929DE8D070051F0D5 /* NextButtonView.swift in Sources */ = {isa = PBXBuildFile; fileRef = 8B89FE0829DE8D070051F0D5 /* NextButtonView.swift */; };
		8B89FE0D29DE8F940051F0D5 /* ProfileInputView.swift in Sources */ = {isa = PBXBuildFile; fileRef = 8B89FE0C29DE8F940051F0D5 /* ProfileInputView.swift */; };
		8B89FE0F29DEA1D70051F0D5 /* PremiumScheduleView.swift in Sources */ = {isa = PBXBuildFile; fileRef = 8B89FE0E29DEA1D70051F0D5 /* PremiumScheduleView.swift */; };
		8BA5847C2A0B517A005F4A2F /* CameraVideoChatPeerView.swift in Sources */ = {isa = PBXBuildFile; fileRef = 8BA5847B2A0B517A005F4A2F /* CameraVideoChatPeerView.swift */; };
		8BA879AF29B5B6CF00B3FEBD /* AuthModel.swift in Sources */ = {isa = PBXBuildFile; fileRef = 8BA879AE29B5B6CF00B3FEBD /* AuthModel.swift */; };
		8BB1933729778E2E00EC5967 /* Assets.xcassets in Resources */ = {isa = PBXBuildFile; fileRef = 8BB1933629778E2E00EC5967 /* Assets.xcassets */; };
		8BC836062980B7EF00FEE6E1 /* SlideTests.swift in Sources */ = {isa = PBXBuildFile; fileRef = 8BB1934829778E2E00EC5967 /* SlideTests.swift */; };
		8BC836072980B7F800FEE6E1 /* SlideUITests.swift in Sources */ = {isa = PBXBuildFile; fileRef = 8BB1935229778E2E00EC5967 /* SlideUITests.swift */; };
		8BC836082980B7FC00FEE6E1 /* SlideUITestsLaunchTests.swift in Sources */ = {isa = PBXBuildFile; fileRef = 8BB1935429778E2E00EC5967 /* SlideUITestsLaunchTests.swift */; };
		8BC8360B2980B8C800FEE6E1 /* GoogleMapsLookupPlace.swift in Sources */ = {isa = PBXBuildFile; fileRef = 8B3081792979226D002056A1 /* GoogleMapsLookupPlace.swift */; };
		8BC8360C2980B8C800FEE6E1 /* GoogleMapsResolveAddress.swift in Sources */ = {isa = PBXBuildFile; fileRef = 8B308177297921BA002056A1 /* GoogleMapsResolveAddress.swift */; };
		8BC8360E2980B8D600FEE6E1 /* SlideApp.swift in Sources */ = {isa = PBXBuildFile; fileRef = 8BB1933229778E2D00EC5967 /* SlideApp.swift */; };
		8BC836102980B8D600FEE6E1 /* SlideView.swift in Sources */ = {isa = PBXBuildFile; fileRef = 8BB1933429778E2D00EC5967 /* SlideView.swift */; };
		8BC836112980B8D600FEE6E1 /* LocationModel.swift in Sources */ = {isa = PBXBuildFile; fileRef = 8BC836042980B59500FEE6E1 /* LocationModel.swift */; };
		8BC836142980CC5500FEE6E1 /* HTTPClient.swift in Sources */ = {isa = PBXBuildFile; fileRef = 8BC836132980CC5500FEE6E1 /* HTTPClient.swift */; };
		8BC8630E2A088EF800F8FB7E /* WebRTCMediaModel.swift in Sources */ = {isa = PBXBuildFile; fileRef = 8BC8630D2A088EF800F8FB7E /* WebRTCMediaModel.swift */; };
		8BC863102A0890F900F8FB7E /* WebRTCControlsModel.swift in Sources */ = {isa = PBXBuildFile; fileRef = 8BC8630F2A0890F900F8FB7E /* WebRTCControlsModel.swift */; };
		8BE4DA6629BD263200A3051D /* SplashView.swift in Sources */ = {isa = PBXBuildFile; fileRef = 8BE4DA6529BD263200A3051D /* SplashView.swift */; };
		8BE75D9A29DBD7BA00A503A4 /* CameraExplanationView.swift in Sources */ = {isa = PBXBuildFile; fileRef = 8BE75D9929DBD7BA00A503A4 /* CameraExplanationView.swift */; };
		DB5D4433996BFA1E2749A08C /* Sage.pb.swift in Sources */ = {isa = PBXBuildFile; fileRef = F8AC47A08DD995A6008E6A47 /* Sage.pb.swift */; };
		F2F74C8D932D289279D74859 /* Sage.pb.swift in Sources */ = {isa = PBXBuildFile; fileRef = F8AC47A08DD995A6008E6A47 /* Sage.pb.swift */; };
/* End PBXBuildFile section */

/* Begin PBXContainerItemProxy section */
		8BB1934529778E2E00EC5967 /* PBXContainerItemProxy */ = {
			isa = PBXContainerItemProxy;
			containerPortal = 8BB1932729778E2D00EC5967 /* Project object */;
			proxyType = 1;
			remoteGlobalIDString = 8BB1932E29778E2D00EC5967;
			remoteInfo = Slide;
		};
		8BB1934F29778E2E00EC5967 /* PBXContainerItemProxy */ = {
			isa = PBXContainerItemProxy;
			containerPortal = 8BB1932729778E2D00EC5967 /* Project object */;
			proxyType = 1;
			remoteGlobalIDString = 8BB1932E29778E2D00EC5967;
			remoteInfo = Slide;
		};
/* End PBXContainerItemProxy section */

/* Begin PBXFileReference section */
		8B14942129A84F6D001497FE /* Slide.entitlements */ = {isa = PBXFileReference; lastKnownFileType = text.plist.entitlements; path = Slide.entitlements; sourceTree = "<group>"; };
		8B14942329A84FC4001497FE /* AuthView.swift */ = {isa = PBXFileReference; lastKnownFileType = sourcecode.swift; path = AuthView.swift; sourceTree = "<group>"; };
		8B14942E29A85C6C001497FE /* UserModel.swift */ = {isa = PBXFileReference; lastKnownFileType = sourcecode.swift; path = UserModel.swift; sourceTree = "<group>"; };
		8B14943129A85D31001497FE /* IntroModel.swift */ = {isa = PBXFileReference; lastKnownFileType = sourcecode.swift; path = IntroModel.swift; sourceTree = "<group>"; };
		8B14943729A87C61001497FE /* KeyChain.swift */ = {isa = PBXFileReference; lastKnownFileType = sourcecode.swift; path = KeyChain.swift; sourceTree = "<group>"; };
		8B14943929A8932A001497FE /* SlideCreateUser.swift */ = {isa = PBXFileReference; lastKnownFileType = sourcecode.swift; path = SlideCreateUser.swift; sourceTree = "<group>"; };
		8B22682E29BE5718009EC60F /* WelcomeView.swift */ = {isa = PBXFileReference; lastKnownFileType = sourcecode.swift; path = WelcomeView.swift; sourceTree = "<group>"; };
		8B275AA0298A3A9300E89EF1 /* SlideUpdateLocation.swift */ = {isa = PBXFileReference; lastKnownFileType = sourcecode.swift; path = SlideUpdateLocation.swift; sourceTree = "<group>"; };
		8B2E31B62A08566C00E02591 /* CameraVideoChatSelfView.swift */ = {isa = PBXFileReference; lastKnownFileType = sourcecode.swift; path = CameraVideoChatSelfView.swift; sourceTree = "<group>"; };
		8B2E31B82A08758500E02591 /* WebRTCModel.swift */ = {isa = PBXFileReference; lastKnownFileType = sourcecode.swift; path = WebRTCModel.swift; sourceTree = "<group>"; };
		8B2E31BB2A08791800E02591 /* WebRTCPeerModel.swift */ = {isa = PBXFileReference; lastKnownFileType = sourcecode.swift; path = WebRTCPeerModel.swift; sourceTree = "<group>"; };
		8B2E31BD2A0887CD00E02591 /* WebRTCSignalingModel.swift */ = {isa = PBXFileReference; lastKnownFileType = sourcecode.swift; path = WebRTCSignalingModel.swift; sourceTree = "<group>"; };
		8B2FDAFF29C3FEAF00C18123 /* plant.mp4 */ = {isa = PBXFileReference; lastKnownFileType = file; path = plant.mp4; sourceTree = "<group>"; };
		8B2FDB1229C4125C00C18123 /* WelcomeCardView.swift */ = {isa = PBXFileReference; lastKnownFileType = sourcecode.swift; path = WelcomeCardView.swift; sourceTree = "<group>"; };
		8B2FDB2229C417BF00C18123 /* LottieView.swift */ = {isa = PBXFileReference; lastKnownFileType = sourcecode.swift; path = LottieView.swift; sourceTree = "<group>"; };
		8B2FDB2829C4365F00C18123 /* ProfileCreationView.swift */ = {isa = PBXFileReference; lastKnownFileType = sourcecode.swift; path = ProfileCreationView.swift; sourceTree = "<group>"; };
		8B2FDB2B29C437B400C18123 /* ProfileModel.swift */ = {isa = PBXFileReference; lastKnownFileType = sourcecode.swift; path = ProfileModel.swift; sourceTree = "<group>"; };
		8B308177297921BA002056A1 /* GoogleMapsResolveAddress.swift */ = {isa = PBXFileReference; lastKnownFileType = sourcecode.swift; path = GoogleMapsResolveAddress.swift; sourceTree = "<group>"; };
		8B3081792979226D002056A1 /* GoogleMapsLookupPlace.swift */ = {isa = PBXFileReference; lastKnownFileType = sourcecode.swift; path = GoogleMapsLookupPlace.swift; sourceTree = "<group>"; };
		8B32E5542A15EFC30066FD7B /* CameraVideoChatView.swift */ = {isa = PBXFileReference; lastKnownFileType = sourcecode.swift; path = CameraVideoChatView.swift; sourceTree = "<group>"; };
		8B32E5562A15F73B0066FD7B /* CallModel.swift */ = {isa = PBXFileReference; lastKnownFileType = sourcecode.swift; path = CallModel.swift; sourceTree = "<group>"; };
		8B32E55A2A1AE6DD0066FD7B /* AuthAppleModel.swift */ = {isa = PBXFileReference; lastKnownFileType = sourcecode.swift; path = AuthAppleModel.swift; sourceTree = "<group>"; };
		8B32E55C2A1AE7130066FD7B /* AuthGoogleModel.swift */ = {isa = PBXFileReference; lastKnownFileType = sourcecode.swift; path = AuthGoogleModel.swift; sourceTree = "<group>"; };
		8B32E55E2A1AE7290066FD7B /* AuthDeviceModel.swift */ = {isa = PBXFileReference; lastKnownFileType = sourcecode.swift; path = AuthDeviceModel.swift; sourceTree = "<group>"; };
		8B39CEF529CD90BD00DB250E /* ghost.json */ = {isa = PBXFileReference; fileEncoding = 4; lastKnownFileType = text.json; path = ghost.json; sourceTree = "<group>"; };
		8B39CEF729CD90D600DB250E /* sage.json */ = {isa = PBXFileReference; fileEncoding = 4; lastKnownFileType = text.json; path = sage.json; sourceTree = "<group>"; };
		8B39CEF929CD90F800DB250E /* authentic.json */ = {isa = PBXFileReference; fileEncoding = 4; lastKnownFileType = text.json; path = authentic.json; sourceTree = "<group>"; };
		8B39CEFC29CD9C4400DB250E /* fleeing.json */ = {isa = PBXFileReference; fileEncoding = 4; lastKnownFileType = text.json; path = fleeing.json; sourceTree = "<group>"; };
		8B39CEFE29CD9E0F00DB250E /* swaying.json */ = {isa = PBXFileReference; fileEncoding = 4; lastKnownFileType = text.json; path = swaying.json; sourceTree = "<group>"; };
		8B530E6A29EFD5B30031D7DE /* WebRTCSignalingClient.swift */ = {isa = PBXFileReference; lastKnownFileType = sourcecode.swift; path = WebRTCSignalingClient.swift; sourceTree = "<group>"; };
		8B530E7129EFD6C90031D7DE /* WebRTCMessage.swift */ = {isa = PBXFileReference; lastKnownFileType = sourcecode.swift; path = WebRTCMessage.swift; sourceTree = "<group>"; };
		8B530E7329EFD6F90031D7DE /* WebRTCSessionDescription.swift */ = {isa = PBXFileReference; lastKnownFileType = sourcecode.swift; path = WebRTCSessionDescription.swift; sourceTree = "<group>"; };
		8B530E7529EFD7170031D7DE /* WebRTCStates.swift */ = {isa = PBXFileReference; lastKnownFileType = sourcecode.swift; path = WebRTCStates.swift; sourceTree = "<group>"; };
		8B530E7729EFD73B0031D7DE /* WebRTCIceCandidate.swift */ = {isa = PBXFileReference; lastKnownFileType = sourcecode.swift; path = WebRTCIceCandidate.swift; sourceTree = "<group>"; };
		8B54697B29A16A6D00648205 /* CameraView.swift */ = {isa = PBXFileReference; lastKnownFileType = sourcecode.swift; path = CameraView.swift; sourceTree = "<group>"; };
		8B54697E29A16B6F00648205 /* CameraCaptureButton.swift */ = {isa = PBXFileReference; lastKnownFileType = sourcecode.swift; path = CameraCaptureButton.swift; sourceTree = "<group>"; };
		8B54698129A16BF600648205 /* CameraModel.swift */ = {isa = PBXFileReference; lastKnownFileType = sourcecode.swift; path = CameraModel.swift; sourceTree = "<group>"; };
		8B5469BF29A1848A00648205 /* CameraCaptureView.swift */ = {isa = PBXFileReference; lastKnownFileType = sourcecode.swift; path = CameraCaptureView.swift; sourceTree = "<group>"; };
		8B5469C129A1855400648205 /* CameraLiveView.swift */ = {isa = PBXFileReference; lastKnownFileType = sourcecode.swift; path = CameraLiveView.swift; sourceTree = "<group>"; };
		8B5469C329A1BEED00648205 /* CameraCaptureSettingsView.swift */ = {isa = PBXFileReference; lastKnownFileType = sourcecode.swift; path = CameraCaptureSettingsView.swift; sourceTree = "<group>"; };
		8B5469C929A1EB3B00648205 /* SlidePresignData.swift */ = {isa = PBXFileReference; lastKnownFileType = sourcecode.swift; path = SlidePresignData.swift; sourceTree = "<group>"; };
		8B5469CC29A1EB8900648205 /* SlidePresignUrl.swift */ = {isa = PBXFileReference; lastKnownFileType = sourcecode.swift; path = SlidePresignUrl.swift; sourceTree = "<group>"; };
		8B89FDFC29DE889B0051F0D5 /* SelectOptionsView.swift */ = {isa = PBXFileReference; lastKnownFileType = sourcecode.swift; path = SelectOptionsView.swift; sourceTree = "<group>"; };
		8B89FDFF29DE89810051F0D5 /* TextButtonView.swift */ = {isa = PBXFileReference; lastKnownFileType = sourcecode.swift; path = TextButtonView.swift; sourceTree = "<group>"; };
		8B89FE0129DE8A8A0051F0D5 /* ChevronView.swift */ = {isa = PBXFileReference; lastKnownFileType = sourcecode.swift; path = ChevronView.swift; sourceTree = "<group>"; };
		8B89FE0429DE8C240051F0D5 /* DoubleChevronView.swift */ = {isa = PBXFileReference; lastKnownFileType = sourcecode.swift; path = DoubleChevronView.swift; sourceTree = "<group>"; };
		8B89FE0829DE8D070051F0D5 /* NextButtonView.swift */ = {isa = PBXFileReference; lastKnownFileType = sourcecode.swift; path = NextButtonView.swift; sourceTree = "<group>"; };
		8B89FE0C29DE8F940051F0D5 /* ProfileInputView.swift */ = {isa = PBXFileReference; lastKnownFileType = sourcecode.swift; path = ProfileInputView.swift; sourceTree = "<group>"; };
		8B89FE0E29DEA1D70051F0D5 /* PremiumScheduleView.swift */ = {isa = PBXFileReference; lastKnownFileType = sourcecode.swift; path = PremiumScheduleView.swift; sourceTree = "<group>"; };
		8BA5847B2A0B517A005F4A2F /* CameraVideoChatPeerView.swift */ = {isa = PBXFileReference; lastKnownFileType = sourcecode.swift; path = CameraVideoChatPeerView.swift; sourceTree = "<group>"; };
		8BA879AE29B5B6CF00B3FEBD /* AuthModel.swift */ = {isa = PBXFileReference; lastKnownFileType = sourcecode.swift; path = AuthModel.swift; sourceTree = "<group>"; };
		8BB1932F29778E2D00EC5967 /* Slide.app */ = {isa = PBXFileReference; explicitFileType = wrapper.application; includeInIndex = 0; path = Slide.app; sourceTree = BUILT_PRODUCTS_DIR; };
		8BB1933229778E2D00EC5967 /* SlideApp.swift */ = {isa = PBXFileReference; lastKnownFileType = sourcecode.swift; path = SlideApp.swift; sourceTree = "<group>"; };
		8BB1933429778E2D00EC5967 /* SlideView.swift */ = {isa = PBXFileReference; lastKnownFileType = sourcecode.swift; path = SlideView.swift; sourceTree = "<group>"; };
		8BB1933629778E2E00EC5967 /* Assets.xcassets */ = {isa = PBXFileReference; lastKnownFileType = folder.assetcatalog; path = Assets.xcassets; sourceTree = "<group>"; };
		8BB1933E29778E2E00EC5967 /* Slide.xcdatamodel */ = {isa = PBXFileReference; lastKnownFileType = wrapper.xcdatamodel; path = Slide.xcdatamodel; sourceTree = "<group>"; };
		8BB1934429778E2E00EC5967 /* SlideTests.xctest */ = {isa = PBXFileReference; explicitFileType = wrapper.cfbundle; includeInIndex = 0; path = SlideTests.xctest; sourceTree = BUILT_PRODUCTS_DIR; };
		8BB1934829778E2E00EC5967 /* SlideTests.swift */ = {isa = PBXFileReference; lastKnownFileType = sourcecode.swift; path = SlideTests.swift; sourceTree = "<group>"; };
		8BB1934E29778E2E00EC5967 /* SlideUITests.xctest */ = {isa = PBXFileReference; explicitFileType = wrapper.cfbundle; includeInIndex = 0; path = SlideUITests.xctest; sourceTree = BUILT_PRODUCTS_DIR; };
		8BB1935229778E2E00EC5967 /* SlideUITests.swift */ = {isa = PBXFileReference; lastKnownFileType = sourcecode.swift; path = SlideUITests.swift; sourceTree = "<group>"; };
		8BB1935429778E2E00EC5967 /* SlideUITestsLaunchTests.swift */ = {isa = PBXFileReference; lastKnownFileType = sourcecode.swift; path = SlideUITestsLaunchTests.swift; sourceTree = "<group>"; };
		8BC836042980B59500FEE6E1 /* LocationModel.swift */ = {isa = PBXFileReference; lastKnownFileType = sourcecode.swift; path = LocationModel.swift; sourceTree = "<group>"; };
		8BC836132980CC5500FEE6E1 /* HTTPClient.swift */ = {isa = PBXFileReference; lastKnownFileType = sourcecode.swift; path = HTTPClient.swift; sourceTree = "<group>"; };
		8BC8630D2A088EF800F8FB7E /* WebRTCMediaModel.swift */ = {isa = PBXFileReference; lastKnownFileType = sourcecode.swift; path = WebRTCMediaModel.swift; sourceTree = "<group>"; };
		8BC8630F2A0890F900F8FB7E /* WebRTCControlsModel.swift */ = {isa = PBXFileReference; lastKnownFileType = sourcecode.swift; path = WebRTCControlsModel.swift; sourceTree = "<group>"; };
		8BE4DA6529BD263200A3051D /* SplashView.swift */ = {isa = PBXFileReference; lastKnownFileType = sourcecode.swift; path = SplashView.swift; sourceTree = "<group>"; };
		8BE75D9929DBD7BA00A503A4 /* CameraExplanationView.swift */ = {isa = PBXFileReference; lastKnownFileType = sourcecode.swift; path = CameraExplanationView.swift; sourceTree = "<group>"; };
		F8AC47A08DD995A6008E6A47 /* Sage.pb.swift */ = {isa = PBXFileReference; lastKnownFileType = sourcecode.swift; name = Sage.pb.swift; path = Sage.pb.swift; sourceTree = "<group>"; };
/* End PBXFileReference section */

/* Begin PBXFrameworksBuildPhase section */
		8BB1932C29778E2D00EC5967 /* Frameworks */ = {
			isa = PBXFrameworksBuildPhase;
			buildActionMask = 2147483647;
			files = (
				8B32E5662A1AEFCA0066FD7B /* protoc-gen-swift in Frameworks */,
				8B32E5642A1AEFCA0066FD7B /* SwiftProtobufPluginLibrary in Frameworks */,
				8B2FDB1F29C4169000C18123 /* Lottie in Frameworks */,
				8B530E6929EFD46F0031D7DE /* WebRTC in Frameworks */,
				8B32E5622A1AEFCA0066FD7B /* SwiftProtobuf in Frameworks */,
			);
			runOnlyForDeploymentPostprocessing = 0;
		};
/* End PBXFrameworksBuildPhase section */

/* Begin PBXGroup section */
		8B2E31BA2A08790200E02591 /* WebRTC */ = {
			isa = PBXGroup;
			children = (
				8B2E31B82A08758500E02591 /* WebRTCModel.swift */,
				8B2E31BB2A08791800E02591 /* WebRTCPeerModel.swift */,
				8B2E31BD2A0887CD00E02591 /* WebRTCSignalingModel.swift */,
				8BC8630D2A088EF800F8FB7E /* WebRTCMediaModel.swift */,
				8BC8630F2A0890F900F8FB7E /* WebRTCControlsModel.swift */,
			);
			path = WebRTC;
			sourceTree = "<group>";
		};
		8B2FDAF629C3F34B00C18123 /* Intro */ = {
			isa = PBXGroup;
			children = (
				8B22682E29BE5718009EC60F /* WelcomeView.swift */,
				8B2FDB1229C4125C00C18123 /* WelcomeCardView.swift */,
				8B2FDB2229C417BF00C18123 /* LottieView.swift */,
				8BE4DA6529BD263200A3051D /* SplashView.swift */,
			);
			path = Intro;
			sourceTree = "<group>";
		};
		8B2FDB1429C413EB00C18123 /* Animations */ = {
			isa = PBXGroup;
			children = (
				8B39CEF529CD90BD00DB250E /* ghost.json */,
				8B39CEFE29CD9E0F00DB250E /* swaying.json */,
				8B39CEF729CD90D600DB250E /* sage.json */,
				8B39CEFC29CD9C4400DB250E /* fleeing.json */,
				8B39CEF929CD90F800DB250E /* authentic.json */,
				8B2FDAFF29C3FEAF00C18123 /* plant.mp4 */,
			);
			path = Animations;
			sourceTree = "<group>";
		};
		8B308175297921A0002056A1 /* GoogleMaps */ = {
			isa = PBXGroup;
			children = (
				8B3081792979226D002056A1 /* GoogleMapsLookupPlace.swift */,
				8B308177297921BA002056A1 /* GoogleMapsResolveAddress.swift */,
			);
			path = GoogleMaps;
			sourceTree = "<group>";
		};
		8B317E6529DE562D006C9AC9 /* SignUp */ = {
			isa = PBXGroup;
			children = (
				8B14942329A84FC4001497FE /* AuthView.swift */,
				8B2FDB2829C4365F00C18123 /* ProfileCreationView.swift */,
				8B89FE0C29DE8F940051F0D5 /* ProfileInputView.swift */,
			);
			path = SignUp;
			sourceTree = "<group>";
		};
		8B32E5582A1AE6A70066FD7B /* Auth */ = {
			isa = PBXGroup;
			children = (
				8BA879AE29B5B6CF00B3FEBD /* AuthModel.swift */,
				8B32E55A2A1AE6DD0066FD7B /* AuthAppleModel.swift */,
				8B32E55C2A1AE7130066FD7B /* AuthGoogleModel.swift */,
				8B32E55E2A1AE7290066FD7B /* AuthDeviceModel.swift */,
			);
			path = Auth;
			sourceTree = "<group>";
		};
		8B32E5592A1AE6B20066FD7B /* User */ = {
			isa = PBXGroup;
			children = (
				8B14943129A85D31001497FE /* IntroModel.swift */,
				8B2FDB2B29C437B400C18123 /* ProfileModel.swift */,
				8B14942E29A85C6C001497FE /* UserModel.swift */,
				8BC836042980B59500FEE6E1 /* LocationModel.swift */,
			);
			path = User;
			sourceTree = "<group>";
		};
		8B530E6329EFD1190031D7DE /* WebRTC */ = {
			isa = PBXGroup;
			children = (
				8B530E6A29EFD5B30031D7DE /* WebRTCSignalingClient.swift */,
				8B530E7129EFD6C90031D7DE /* WebRTCMessage.swift */,
				8B530E7329EFD6F90031D7DE /* WebRTCSessionDescription.swift */,
				8B530E7529EFD7170031D7DE /* WebRTCStates.swift */,
				8B530E7729EFD73B0031D7DE /* WebRTCIceCandidate.swift */,
			);
			path = WebRTC;
			sourceTree = "<group>";
		};
		8B530E6C29EFD6030031D7DE /* Http */ = {
			isa = PBXGroup;
			children = (
				8BC836132980CC5500FEE6E1 /* HTTPClient.swift */,
			);
			path = Http;
			sourceTree = "<group>";
		};
		8B54697D29A16AC600648205 /* Camera */ = {
			isa = PBXGroup;
			children = (
				8B54697B29A16A6D00648205 /* CameraView.swift */,
				8BE75D9929DBD7BA00A503A4 /* CameraExplanationView.swift */,
				8B5469C329A1BEED00648205 /* CameraCaptureSettingsView.swift */,
				8B54697E29A16B6F00648205 /* CameraCaptureButton.swift */,
				8B5469BF29A1848A00648205 /* CameraCaptureView.swift */,
				8B5469C129A1855400648205 /* CameraLiveView.swift */,
				8B32E5542A15EFC30066FD7B /* CameraVideoChatView.swift */,
				8B2E31B62A08566C00E02591 /* CameraVideoChatSelfView.swift */,
				8BA5847B2A0B517A005F4A2F /* CameraVideoChatPeerView.swift */,
			);
			path = Camera;
			sourceTree = "<group>";
		};
		8B8848B529FEF752001D6571 /* Network */ = {
			isa = PBXGroup;
			children = (
				8B530E6C29EFD6030031D7DE /* Http */,
				8B530E6329EFD1190031D7DE /* WebRTC */,
				8BC836122980CC1A00FEE6E1 /* Slide */,
				8B308175297921A0002056A1 /* GoogleMaps */,
			);
			path = Network;
			sourceTree = "<group>";
		};
		8B89FDFE29DE89740051F0D5 /* Molecules */ = {
			isa = PBXGroup;
			children = (
				8B89FDFF29DE89810051F0D5 /* TextButtonView.swift */,
				8B89FE0129DE8A8A0051F0D5 /* ChevronView.swift */,
				8B89FE0429DE8C240051F0D5 /* DoubleChevronView.swift */,
				8B89FE0829DE8D070051F0D5 /* NextButtonView.swift */,
				8B89FDFC29DE889B0051F0D5 /* SelectOptionsView.swift */,
			);
			path = Molecules;
			sourceTree = "<group>";
		};
		8BB1932629778E2D00EC5967 = {
			isa = PBXGroup;
			children = (
				8BB1933129778E2D00EC5967 /* Slide */,
				8BB1934729778E2E00EC5967 /* SlideTests */,
				8BB1935129778E2E00EC5967 /* SlideUITests */,
				8BB1933029778E2D00EC5967 /* Products */,
			);
			sourceTree = "<group>";
		};
		8BB1933029778E2D00EC5967 /* Products */ = {
			isa = PBXGroup;
			children = (
				8BB1932F29778E2D00EC5967 /* Slide.app */,
				8BB1934429778E2E00EC5967 /* SlideTests.xctest */,
				8BB1934E29778E2E00EC5967 /* SlideUITests.xctest */,
			);
			name = Products;
			sourceTree = "<group>";
		};
		8BB1933129778E2D00EC5967 /* Slide */ = {
			isa = PBXGroup;
			children = (
				8B14942129A84F6D001497FE /* Slide.entitlements */,
				8BE335B22A1B3D0A00160DE4 /* Protos */,
				8BB1936129778ED000EC5967 /* Models */,
				8BB1936229778ED300EC5967 /* Views */,
				8BB1936329778EE100EC5967 /* App */,
				8BB19366297792CB00EC5967 /* Utils */,
				8B8848B529FEF752001D6571 /* Network */,
			);
			path = Slide;
			sourceTree = "<group>";
		};
		8BB1934729778E2E00EC5967 /* SlideTests */ = {
			isa = PBXGroup;
			children = (
				8BB1934829778E2E00EC5967 /* SlideTests.swift */,
			);
			path = SlideTests;
			sourceTree = "<group>";
		};
		8BB1935129778E2E00EC5967 /* SlideUITests */ = {
			isa = PBXGroup;
			children = (
				8BB1935229778E2E00EC5967 /* SlideUITests.swift */,
				8BB1935429778E2E00EC5967 /* SlideUITestsLaunchTests.swift */,
			);
			path = SlideUITests;
			sourceTree = "<group>";
		};
		8BB1936129778ED000EC5967 /* Models */ = {
			isa = PBXGroup;
			children = (
				8B32E5592A1AE6B20066FD7B /* User */,
				8B32E5582A1AE6A70066FD7B /* Auth */,
				8B2E31BA2A08790200E02591 /* WebRTC */,
				8B54698129A16BF600648205 /* CameraModel.swift */,
				8B32E5562A15F73B0066FD7B /* CallModel.swift */,
			);
			path = Models;
			sourceTree = "<group>";
		};
		8BB1936229778ED300EC5967 /* Views */ = {
			isa = PBXGroup;
			children = (
				8BDCC54F29E7AB2C00F81DD1 /* Settings */,
				8B89FDFE29DE89740051F0D5 /* Molecules */,
				8B317E6529DE562D006C9AC9 /* SignUp */,
				8B2FDAF629C3F34B00C18123 /* Intro */,
				8B54697D29A16AC600648205 /* Camera */,
			);
			path = Views;
			sourceTree = "<group>";
		};
		8BB1936329778EE100EC5967 /* App */ = {
			isa = PBXGroup;
			children = (
				8B2FDB1429C413EB00C18123 /* Animations */,
				8BB1933229778E2D00EC5967 /* SlideApp.swift */,
				8BB1933429778E2D00EC5967 /* SlideView.swift */,
				8BB1933629778E2E00EC5967 /* Assets.xcassets */,
				8BB1933D29778E2E00EC5967 /* Slide.xcdatamodeld */,
			);
			path = App;
			sourceTree = "<group>";
		};
		8BB19366297792CB00EC5967 /* Utils */ = {
			isa = PBXGroup;
			children = (
				8B14943729A87C61001497FE /* KeyChain.swift */,
			);
			path = Utils;
			sourceTree = "<group>";
		};
		8BC836122980CC1A00FEE6E1 /* Slide */ = {
			isa = PBXGroup;
			children = (
				8B275AA0298A3A9300E89EF1 /* SlideUpdateLocation.swift */,
				8B14943929A8932A001497FE /* SlideCreateUser.swift */,
				8B5469CC29A1EB8900648205 /* SlidePresignUrl.swift */,
				8B5469C929A1EB3B00648205 /* SlidePresignData.swift */,
			);
			path = Slide;
			sourceTree = "<group>";
		};
		8BDCC54F29E7AB2C00F81DD1 /* Settings */ = {
			isa = PBXGroup;
			children = (
				8B89FE0E29DEA1D70051F0D5 /* PremiumScheduleView.swift */,
			);
			path = Settings;
			sourceTree = "<group>";
		};
		8BE335B22A1B3D0A00160DE4 /* Protos */ = {
			isa = PBXGroup;
			children = (
				F8AC47A08DD995A6008E6A47 /* Sage.pb.swift */,
			);
			path = Protos;
			sourceTree = "<group>";
		};
/* End PBXGroup section */

/* Begin PBXNativeTarget section */
		8BB1932E29778E2D00EC5967 /* Slide */ = {
			isa = PBXNativeTarget;
			buildConfigurationList = 8BB1935829778E2E00EC5967 /* Build configuration list for PBXNativeTarget "Slide" */;
			buildPhases = (
				8BB1932B29778E2D00EC5967 /* Sources */,
				8BB1932C29778E2D00EC5967 /* Frameworks */,
				8BB1932D29778E2D00EC5967 /* Resources */,
			);
			buildRules = (
			);
			dependencies = (
			);
			name = Slide;
			packageProductDependencies = (
				8B2FDB1E29C4169000C18123 /* Lottie */,
				8B530E6829EFD46F0031D7DE /* WebRTC */,
				8B32E5612A1AEFCA0066FD7B /* SwiftProtobuf */,
				8B32E5632A1AEFCA0066FD7B /* SwiftProtobufPluginLibrary */,
				8B32E5652A1AEFCA0066FD7B /* protoc-gen-swift */,
			);
			productName = Slide;
			productReference = 8BB1932F29778E2D00EC5967 /* Slide.app */;
			productType = "com.apple.product-type.application";
		};
		8BB1934329778E2E00EC5967 /* SlideTests */ = {
			isa = PBXNativeTarget;
			buildConfigurationList = 8BB1935B29778E2E00EC5967 /* Build configuration list for PBXNativeTarget "SlideTests" */;
			buildPhases = (
				8BB1934029778E2E00EC5967 /* Sources */,
			);
			buildRules = (
			);
			dependencies = (
				8BB1934629778E2E00EC5967 /* PBXTargetDependency */,
			);
			name = SlideTests;
			productName = SlideTests;
			productReference = 8BB1934429778E2E00EC5967 /* SlideTests.xctest */;
			productType = "com.apple.product-type.bundle.unit-test";
		};
		8BB1934D29778E2E00EC5967 /* SlideUITests */ = {
			isa = PBXNativeTarget;
			buildConfigurationList = 8BB1935E29778E2E00EC5967 /* Build configuration list for PBXNativeTarget "SlideUITests" */;
			buildPhases = (
				8BB1934A29778E2E00EC5967 /* Sources */,
			);
			buildRules = (
			);
			dependencies = (
				8BB1935029778E2E00EC5967 /* PBXTargetDependency */,
			);
			name = SlideUITests;
			productName = SlideUITests;
			productReference = 8BB1934E29778E2E00EC5967 /* SlideUITests.xctest */;
			productType = "com.apple.product-type.bundle.ui-testing";
		};
/* End PBXNativeTarget section */

/* Begin PBXProject section */
		8BB1932729778E2D00EC5967 /* Project object */ = {
			isa = PBXProject;
			attributes = {
				BuildIndependentTargetsInParallel = 1;
				LastSwiftUpdateCheck = 1400;
				LastUpgradeCheck = 1400;
				TargetAttributes = {
					8BB1932E29778E2D00EC5967 = {
						CreatedOnToolsVersion = 14.0.1;
					};
					8BB1934329778E2E00EC5967 = {
						CreatedOnToolsVersion = 14.0.1;
						TestTargetID = 8BB1932E29778E2D00EC5967;
					};
					8BB1934D29778E2E00EC5967 = {
						CreatedOnToolsVersion = 14.0.1;
						TestTargetID = 8BB1932E29778E2D00EC5967;
					};
				};
			};
			buildConfigurationList = 8BB1932A29778E2D00EC5967 /* Build configuration list for PBXProject "Slide" */;
			compatibilityVersion = "Xcode 14.0";
			developmentRegion = en;
			hasScannedForEncodings = 0;
			knownRegions = (
				en,
				Base,
			);
			mainGroup = 8BB1932629778E2D00EC5967;
			packageReferences = (
				8B2FDB1D29C4169000C18123 /* XCRemoteSwiftPackageReference "lottie-ios" */,
				8B530E6729EFD46F0031D7DE /* XCRemoteSwiftPackageReference "WebRTC" */,
				8B32E5602A1AEFCA0066FD7B /* XCRemoteSwiftPackageReference "swift-protobuf" */,
			);
			productRefGroup = 8BB1933029778E2D00EC5967 /* Products */;
			projectDirPath = "";
			projectRoot = "";
			targets = (
				8BB1932E29778E2D00EC5967 /* Slide */,
				8BB1934329778E2E00EC5967 /* SlideTests */,
				8BB1934D29778E2E00EC5967 /* SlideUITests */,
			);
		};
/* End PBXProject section */

/* Begin PBXResourcesBuildPhase section */
		8BB1932D29778E2D00EC5967 /* Resources */ = {
			isa = PBXResourcesBuildPhase;
			buildActionMask = 2147483647;
			files = (
				8B39CEFA29CD90F800DB250E /* authentic.json in Resources */,
				8B2FDB0029C3FEAF00C18123 /* plant.mp4 in Resources */,
				8B39CEFF29CD9E0F00DB250E /* swaying.json in Resources */,
				8BB1933729778E2E00EC5967 /* Assets.xcassets in Resources */,
				8B39CEF829CD90D600DB250E /* sage.json in Resources */,
				8B39CEFD29CD9C4400DB250E /* fleeing.json in Resources */,
				8B39CEF629CD90BD00DB250E /* ghost.json in Resources */,
			);
			runOnlyForDeploymentPostprocessing = 0;
		};
/* End PBXResourcesBuildPhase section */

/* Begin PBXSourcesBuildPhase section */
		8BB1932B29778E2D00EC5967 /* Sources */ = {
			isa = PBXSourcesBuildPhase;
			buildActionMask = 2147483647;
			files = (
				8B54697F29A16B6F00648205 /* CameraCaptureButton.swift in Sources */,
				8B54698229A16BF600648205 /* CameraModel.swift in Sources */,
				8B5469C429A1BEED00648205 /* CameraCaptureSettingsView.swift in Sources */,
				8B14943229A85D31001497FE /* IntroModel.swift in Sources */,
				8BA879AF29B5B6CF00B3FEBD /* AuthModel.swift in Sources */,
				8B32E55D2A1AE7130066FD7B /* AuthGoogleModel.swift in Sources */,
				8B2E31BE2A0887CD00E02591 /* WebRTCSignalingModel.swift in Sources */,
				8BC863102A0890F900F8FB7E /* WebRTCControlsModel.swift in Sources */,
				8B89FE0029DE89810051F0D5 /* TextButtonView.swift in Sources */,
				8B14943829A87C61001497FE /* KeyChain.swift in Sources */,
				8BC836142980CC5500FEE6E1 /* HTTPClient.swift in Sources */,
				8BA5847C2A0B517A005F4A2F /* CameraVideoChatPeerView.swift in Sources */,
				8B2E31B72A08566C00E02591 /* CameraVideoChatSelfView.swift in Sources */,
				8BC8360E2980B8D600FEE6E1 /* SlideApp.swift in Sources */,
				8BE75D9A29DBD7BA00A503A4 /* CameraExplanationView.swift in Sources */,
				8B2E31B92A08758500E02591 /* WebRTCModel.swift in Sources */,
				8B89FE0F29DEA1D70051F0D5 /* PremiumScheduleView.swift in Sources */,
				8B54697C29A16A6D00648205 /* CameraView.swift in Sources */,
				8B530E7429EFD6F90031D7DE /* WebRTCSessionDescription.swift in Sources */,
				8BC836102980B8D600FEE6E1 /* SlideView.swift in Sources */,
				8BC836112980B8D600FEE6E1 /* LocationModel.swift in Sources */,
				8B14942F29A85C6C001497FE /* UserModel.swift in Sources */,
				8B5469CD29A1EB8900648205 /* SlidePresignUrl.swift in Sources */,
				8B2FDB1329C4125C00C18123 /* WelcomeCardView.swift in Sources */,
				8B2FDB2C29C437B400C18123 /* ProfileModel.swift in Sources */,
				8B530E7229EFD6C90031D7DE /* WebRTCMessage.swift in Sources */,
				8B5469C229A1855400648205 /* CameraLiveView.swift in Sources */,
				8B89FE0229DE8A8A0051F0D5 /* ChevronView.swift in Sources */,
				8BC8630E2A088EF800F8FB7E /* WebRTCMediaModel.swift in Sources */,
				8B5469C029A1848A00648205 /* CameraCaptureView.swift in Sources */,
				8BC8360B2980B8C800FEE6E1 /* GoogleMapsLookupPlace.swift in Sources */,
				8B2E31BC2A08791800E02591 /* WebRTCPeerModel.swift in Sources */,
				8BE4DA6629BD263200A3051D /* SplashView.swift in Sources */,
				8B530E6B29EFD5B30031D7DE /* WebRTCSignalingClient.swift in Sources */,
				8B530E7629EFD7170031D7DE /* WebRTCStates.swift in Sources */,
				8B32E5572A15F73B0066FD7B /* CallModel.swift in Sources */,
				8B89FE0929DE8D070051F0D5 /* NextButtonView.swift in Sources */,
				8BC8360C2980B8C800FEE6E1 /* GoogleMapsResolveAddress.swift in Sources */,
				8B530E7829EFD73B0031D7DE /* WebRTCIceCandidate.swift in Sources */,
				8B32E55B2A1AE6DD0066FD7B /* AuthAppleModel.swift in Sources */,
				8B89FDFD29DE889B0051F0D5 /* SelectOptionsView.swift in Sources */,
				8B22682F29BE5718009EC60F /* WelcomeView.swift in Sources */,
				8B89FE0529DE8C240051F0D5 /* DoubleChevronView.swift in Sources */,
				8B2FDB2929C4365F00C18123 /* ProfileCreationView.swift in Sources */,
				8B2FDB2329C417BF00C18123 /* LottieView.swift in Sources */,
				8B89FE0D29DE8F940051F0D5 /* ProfileInputView.swift in Sources */,
				8B5469CA29A1EB3B00648205 /* SlidePresignData.swift in Sources */,
				8B32E55F2A1AE7290066FD7B /* AuthDeviceModel.swift in Sources */,
				8B14943A29A8932A001497FE /* SlideCreateUser.swift in Sources */,
				8B14942429A84FC4001497FE /* AuthView.swift in Sources */,
				8B275AA1298A3A9300E89EF1 /* SlideUpdateLocation.swift in Sources */,
				8B32E5552A15EFC30066FD7B /* CameraVideoChatView.swift in Sources */,
				535C4E94A168B2A4AA235465 /* Sage.pb.swift in Sources */,
			);
			runOnlyForDeploymentPostprocessing = 0;
		};
		8BB1934029778E2E00EC5967 /* Sources */ = {
			isa = PBXSourcesBuildPhase;
			buildActionMask = 2147483647;
			files = (
				8BC836062980B7EF00FEE6E1 /* SlideTests.swift in Sources */,
				F2F74C8D932D289279D74859 /* Sage.pb.swift in Sources */,
			);
			runOnlyForDeploymentPostprocessing = 0;
		};
		8BB1934A29778E2E00EC5967 /* Sources */ = {
			isa = PBXSourcesBuildPhase;
			buildActionMask = 2147483647;
			files = (
				8BC836082980B7FC00FEE6E1 /* SlideUITestsLaunchTests.swift in Sources */,
				8BC836072980B7F800FEE6E1 /* SlideUITests.swift in Sources */,
				DB5D4433996BFA1E2749A08C /* Sage.pb.swift in Sources */,
			);
			runOnlyForDeploymentPostprocessing = 0;
		};
/* End PBXSourcesBuildPhase section */

/* Begin PBXTargetDependency section */
		8BB1934629778E2E00EC5967 /* PBXTargetDependency */ = {
			isa = PBXTargetDependency;
			target = 8BB1932E29778E2D00EC5967 /* Slide */;
			targetProxy = 8BB1934529778E2E00EC5967 /* PBXContainerItemProxy */;
		};
		8BB1935029778E2E00EC5967 /* PBXTargetDependency */ = {
			isa = PBXTargetDependency;
			target = 8BB1932E29778E2D00EC5967 /* Slide */;
			targetProxy = 8BB1934F29778E2E00EC5967 /* PBXContainerItemProxy */;
		};
/* End PBXTargetDependency section */

/* Begin XCBuildConfiguration section */
		8BB1935629778E2E00EC5967 /* Debug */ = {
			isa = XCBuildConfiguration;
			buildSettings = {
				ALWAYS_SEARCH_USER_PATHS = NO;
				CLANG_ANALYZER_NONNULL = YES;
				CLANG_ANALYZER_NUMBER_OBJECT_CONVERSION = YES_AGGRESSIVE;
				CLANG_CXX_LANGUAGE_STANDARD = "gnu++20";
				CLANG_ENABLE_MODULES = YES;
				CLANG_ENABLE_OBJC_ARC = YES;
				CLANG_ENABLE_OBJC_WEAK = YES;
				CLANG_WARN_BLOCK_CAPTURE_AUTORELEASING = YES;
				CLANG_WARN_BOOL_CONVERSION = YES;
				CLANG_WARN_COMMA = YES;
				CLANG_WARN_CONSTANT_CONVERSION = YES;
				CLANG_WARN_DEPRECATED_OBJC_IMPLEMENTATIONS = YES;
				CLANG_WARN_DIRECT_OBJC_ISA_USAGE = YES_ERROR;
				CLANG_WARN_DOCUMENTATION_COMMENTS = YES;
				CLANG_WARN_EMPTY_BODY = YES;
				CLANG_WARN_ENUM_CONVERSION = YES;
				CLANG_WARN_INFINITE_RECURSION = YES;
				CLANG_WARN_INT_CONVERSION = YES;
				CLANG_WARN_NON_LITERAL_NULL_CONVERSION = YES;
				CLANG_WARN_OBJC_IMPLICIT_RETAIN_SELF = YES;
				CLANG_WARN_OBJC_LITERAL_CONVERSION = YES;
				CLANG_WARN_OBJC_ROOT_CLASS = YES_ERROR;
				CLANG_WARN_QUOTED_INCLUDE_IN_FRAMEWORK_HEADER = YES;
				CLANG_WARN_RANGE_LOOP_ANALYSIS = YES;
				CLANG_WARN_STRICT_PROTOTYPES = YES;
				CLANG_WARN_SUSPICIOUS_MOVE = YES;
				CLANG_WARN_UNGUARDED_AVAILABILITY = YES_AGGRESSIVE;
				CLANG_WARN_UNREACHABLE_CODE = YES;
				CLANG_WARN__DUPLICATE_METHOD_MATCH = YES;
				COPY_PHASE_STRIP = NO;
				DEBUG_INFORMATION_FORMAT = dwarf;
				ENABLE_STRICT_OBJC_MSGSEND = YES;
				ENABLE_TESTABILITY = YES;
				GCC_C_LANGUAGE_STANDARD = gnu11;
				GCC_DYNAMIC_NO_PIC = NO;
				GCC_NO_COMMON_BLOCKS = YES;
				GCC_OPTIMIZATION_LEVEL = 0;
				GCC_PREPROCESSOR_DEFINITIONS = (
					"DEBUG=1",
					"$(inherited)",
				);
				GCC_WARN_64_TO_32_BIT_CONVERSION = YES;
				GCC_WARN_ABOUT_RETURN_TYPE = YES_ERROR;
				GCC_WARN_UNDECLARED_SELECTOR = YES;
				GCC_WARN_UNINITIALIZED_AUTOS = YES_AGGRESSIVE;
				GCC_WARN_UNUSED_FUNCTION = YES;
				GCC_WARN_UNUSED_VARIABLE = YES;
				IPHONEOS_DEPLOYMENT_TARGET = 16.0;
				MTL_ENABLE_DEBUG_INFO = INCLUDE_SOURCE;
				MTL_FAST_MATH = YES;
				ONLY_ACTIVE_ARCH = YES;
				SDKROOT = iphoneos;
				SWIFT_ACTIVE_COMPILATION_CONDITIONS = DEBUG;
				SWIFT_OPTIMIZATION_LEVEL = "-Onone";
			};
			name = Debug;
		};
		8BB1935729778E2E00EC5967 /* Release */ = {
			isa = XCBuildConfiguration;
			buildSettings = {
				ALWAYS_SEARCH_USER_PATHS = NO;
				CLANG_ANALYZER_NONNULL = YES;
				CLANG_ANALYZER_NUMBER_OBJECT_CONVERSION = YES_AGGRESSIVE;
				CLANG_CXX_LANGUAGE_STANDARD = "gnu++20";
				CLANG_ENABLE_MODULES = YES;
				CLANG_ENABLE_OBJC_ARC = YES;
				CLANG_ENABLE_OBJC_WEAK = YES;
				CLANG_WARN_BLOCK_CAPTURE_AUTORELEASING = YES;
				CLANG_WARN_BOOL_CONVERSION = YES;
				CLANG_WARN_COMMA = YES;
				CLANG_WARN_CONSTANT_CONVERSION = YES;
				CLANG_WARN_DEPRECATED_OBJC_IMPLEMENTATIONS = YES;
				CLANG_WARN_DIRECT_OBJC_ISA_USAGE = YES_ERROR;
				CLANG_WARN_DOCUMENTATION_COMMENTS = YES;
				CLANG_WARN_EMPTY_BODY = YES;
				CLANG_WARN_ENUM_CONVERSION = YES;
				CLANG_WARN_INFINITE_RECURSION = YES;
				CLANG_WARN_INT_CONVERSION = YES;
				CLANG_WARN_NON_LITERAL_NULL_CONVERSION = YES;
				CLANG_WARN_OBJC_IMPLICIT_RETAIN_SELF = YES;
				CLANG_WARN_OBJC_LITERAL_CONVERSION = YES;
				CLANG_WARN_OBJC_ROOT_CLASS = YES_ERROR;
				CLANG_WARN_QUOTED_INCLUDE_IN_FRAMEWORK_HEADER = YES;
				CLANG_WARN_RANGE_LOOP_ANALYSIS = YES;
				CLANG_WARN_STRICT_PROTOTYPES = YES;
				CLANG_WARN_SUSPICIOUS_MOVE = YES;
				CLANG_WARN_UNGUARDED_AVAILABILITY = YES_AGGRESSIVE;
				CLANG_WARN_UNREACHABLE_CODE = YES;
				CLANG_WARN__DUPLICATE_METHOD_MATCH = YES;
				COPY_PHASE_STRIP = NO;
				DEBUG_INFORMATION_FORMAT = "dwarf-with-dsym";
				ENABLE_NS_ASSERTIONS = NO;
				ENABLE_STRICT_OBJC_MSGSEND = YES;
				GCC_C_LANGUAGE_STANDARD = gnu11;
				GCC_NO_COMMON_BLOCKS = YES;
				GCC_WARN_64_TO_32_BIT_CONVERSION = YES;
				GCC_WARN_ABOUT_RETURN_TYPE = YES_ERROR;
				GCC_WARN_UNDECLARED_SELECTOR = YES;
				GCC_WARN_UNINITIALIZED_AUTOS = YES_AGGRESSIVE;
				GCC_WARN_UNUSED_FUNCTION = YES;
				GCC_WARN_UNUSED_VARIABLE = YES;
				IPHONEOS_DEPLOYMENT_TARGET = 16.0;
				MTL_ENABLE_DEBUG_INFO = NO;
				MTL_FAST_MATH = YES;
				SDKROOT = iphoneos;
				SWIFT_COMPILATION_MODE = wholemodule;
				SWIFT_OPTIMIZATION_LEVEL = "-O";
				VALIDATE_PRODUCT = YES;
			};
			name = Release;
		};
		8BB1935929778E2E00EC5967 /* Debug */ = {
			isa = XCBuildConfiguration;
			buildSettings = {
				ASSETCATALOG_COMPILER_APPICON_NAME = AppIcon;
				ASSETCATALOG_COMPILER_GLOBAL_ACCENT_COLOR_NAME = AccentColor;
				CODE_SIGN_ENTITLEMENTS = Slide/Slide.entitlements;
				CODE_SIGN_STYLE = Automatic;
				CURRENT_PROJECT_VERSION = 1;
				DEVELOPMENT_ASSET_PATHS = "\"Slide\"";
				DEVELOPMENT_TEAM = NLVNJY4FVT;
				ENABLE_PREVIEWS = YES;
				GENERATE_INFOPLIST_FILE = YES;
				INFOPLIST_FILE = Slide/Info.plist;
				INFOPLIST_KEY_NSCameraUsageDescription = "WYD needs access to your camera";
				INFOPLIST_KEY_NSLocationAlwaysAndWhenInUseUsageDescription = "Always and When";
				INFOPLIST_KEY_NSLocationAlwaysUsageDescription = Always;
				INFOPLIST_KEY_NSLocationWhenInUseUsageDescription = "When in Use";
				INFOPLIST_KEY_NSMicrophoneUsageDescription = "WYD needs access to the microphone";
				INFOPLIST_KEY_UIApplicationSceneManifest_Generation = YES;
				INFOPLIST_KEY_UIApplicationSupportsIndirectInputEvents = YES;
				INFOPLIST_KEY_UILaunchScreen_Generation = YES;
				INFOPLIST_KEY_UISupportedInterfaceOrientations_iPad = "UIInterfaceOrientationPortrait UIInterfaceOrientationPortraitUpsideDown UIInterfaceOrientationLandscapeLeft UIInterfaceOrientationLandscapeRight";
				INFOPLIST_KEY_UISupportedInterfaceOrientations_iPhone = "UIInterfaceOrientationPortrait UIInterfaceOrientationLandscapeLeft UIInterfaceOrientationLandscapeRight";
				INFOPLIST_KEY_UIUserInterfaceStyle = Light;
				IPHONEOS_DEPLOYMENT_TARGET = 16.0;
				LD_RUNPATH_SEARCH_PATHS = (
					"$(inherited)",
					"@executable_path/Frameworks",
				);
				MARKETING_VERSION = 1.0;
				PRODUCT_BUNDLE_IDENTIFIER = trumanpurnell.Slide;
				PRODUCT_NAME = "$(TARGET_NAME)";
				SWIFT_EMIT_LOC_STRINGS = YES;
				SWIFT_VERSION = 5.0;
				TARGETED_DEVICE_FAMILY = "1,2";
			};
			name = Debug;
		};
		8BB1935A29778E2E00EC5967 /* Release */ = {
			isa = XCBuildConfiguration;
			buildSettings = {
				ASSETCATALOG_COMPILER_APPICON_NAME = AppIcon;
				ASSETCATALOG_COMPILER_GLOBAL_ACCENT_COLOR_NAME = AccentColor;
				CODE_SIGN_ENTITLEMENTS = Slide/Slide.entitlements;
				CODE_SIGN_STYLE = Automatic;
				CURRENT_PROJECT_VERSION = 1;
				DEVELOPMENT_ASSET_PATHS = "\"Slide\"";
				DEVELOPMENT_TEAM = NLVNJY4FVT;
				ENABLE_PREVIEWS = YES;
				GENERATE_INFOPLIST_FILE = YES;
				INFOPLIST_FILE = Slide/Info.plist;
				INFOPLIST_KEY_NSCameraUsageDescription = "WYD needs access to your camera";
				INFOPLIST_KEY_NSLocationAlwaysAndWhenInUseUsageDescription = "Always and When";
				INFOPLIST_KEY_NSLocationAlwaysUsageDescription = Always;
				INFOPLIST_KEY_NSLocationWhenInUseUsageDescription = "When in Use";
				INFOPLIST_KEY_NSMicrophoneUsageDescription = "WYD needs access to the microphone";
				INFOPLIST_KEY_UIApplicationSceneManifest_Generation = YES;
				INFOPLIST_KEY_UIApplicationSupportsIndirectInputEvents = YES;
				INFOPLIST_KEY_UILaunchScreen_Generation = YES;
				INFOPLIST_KEY_UISupportedInterfaceOrientations_iPad = "UIInterfaceOrientationPortrait UIInterfaceOrientationPortraitUpsideDown UIInterfaceOrientationLandscapeLeft UIInterfaceOrientationLandscapeRight";
				INFOPLIST_KEY_UISupportedInterfaceOrientations_iPhone = "UIInterfaceOrientationPortrait UIInterfaceOrientationLandscapeLeft UIInterfaceOrientationLandscapeRight";
				INFOPLIST_KEY_UIUserInterfaceStyle = Light;
				IPHONEOS_DEPLOYMENT_TARGET = 16.0;
				LD_RUNPATH_SEARCH_PATHS = (
					"$(inherited)",
					"@executable_path/Frameworks",
				);
				MARKETING_VERSION = 1.0;
				PRODUCT_BUNDLE_IDENTIFIER = trumanpurnell.Slide;
				PRODUCT_NAME = "$(TARGET_NAME)";
				SWIFT_EMIT_LOC_STRINGS = YES;
				SWIFT_VERSION = 5.0;
				TARGETED_DEVICE_FAMILY = "1,2";
			};
			name = Release;
		};
		8BB1935C29778E2E00EC5967 /* Debug */ = {
			isa = XCBuildConfiguration;
			buildSettings = {
				ALWAYS_EMBED_SWIFT_STANDARD_LIBRARIES = YES;
				BUNDLE_LOADER = "$(TEST_HOST)";
				CODE_SIGN_STYLE = Automatic;
				CURRENT_PROJECT_VERSION = 1;
				DEVELOPMENT_TEAM = NLVNJY4FVT;
				GENERATE_INFOPLIST_FILE = YES;
				IPHONEOS_DEPLOYMENT_TARGET = 16.0;
				MARKETING_VERSION = 1.0;
				PRODUCT_BUNDLE_IDENTIFIER = trumanpurnell.SlideTests;
				PRODUCT_NAME = "$(TARGET_NAME)";
				SWIFT_EMIT_LOC_STRINGS = NO;
				SWIFT_VERSION = 5.0;
				TARGETED_DEVICE_FAMILY = "1,2";
				TEST_HOST = "$(BUILT_PRODUCTS_DIR)/Slide.app/$(BUNDLE_EXECUTABLE_FOLDER_PATH)/Slide";
			};
			name = Debug;
		};
		8BB1935D29778E2E00EC5967 /* Release */ = {
			isa = XCBuildConfiguration;
			buildSettings = {
				ALWAYS_EMBED_SWIFT_STANDARD_LIBRARIES = YES;
				BUNDLE_LOADER = "$(TEST_HOST)";
				CODE_SIGN_STYLE = Automatic;
				CURRENT_PROJECT_VERSION = 1;
				DEVELOPMENT_TEAM = NLVNJY4FVT;
				GENERATE_INFOPLIST_FILE = YES;
				IPHONEOS_DEPLOYMENT_TARGET = 16.0;
				MARKETING_VERSION = 1.0;
				PRODUCT_BUNDLE_IDENTIFIER = trumanpurnell.SlideTests;
				PRODUCT_NAME = "$(TARGET_NAME)";
				SWIFT_EMIT_LOC_STRINGS = NO;
				SWIFT_VERSION = 5.0;
				TARGETED_DEVICE_FAMILY = "1,2";
				TEST_HOST = "$(BUILT_PRODUCTS_DIR)/Slide.app/$(BUNDLE_EXECUTABLE_FOLDER_PATH)/Slide";
			};
			name = Release;
		};
		8BB1935F29778E2E00EC5967 /* Debug */ = {
			isa = XCBuildConfiguration;
			buildSettings = {
				ALWAYS_EMBED_SWIFT_STANDARD_LIBRARIES = YES;
				CODE_SIGN_STYLE = Automatic;
				CURRENT_PROJECT_VERSION = 1;
				DEVELOPMENT_TEAM = NLVNJY4FVT;
				GENERATE_INFOPLIST_FILE = YES;
				MARKETING_VERSION = 1.0;
				PRODUCT_BUNDLE_IDENTIFIER = trumanpurnell.SlideUITests;
				PRODUCT_NAME = "$(TARGET_NAME)";
				SWIFT_EMIT_LOC_STRINGS = NO;
				SWIFT_VERSION = 5.0;
				TARGETED_DEVICE_FAMILY = "1,2";
				TEST_TARGET_NAME = Slide;
			};
			name = Debug;
		};
		8BB1936029778E2E00EC5967 /* Release */ = {
			isa = XCBuildConfiguration;
			buildSettings = {
				ALWAYS_EMBED_SWIFT_STANDARD_LIBRARIES = YES;
				CODE_SIGN_STYLE = Automatic;
				CURRENT_PROJECT_VERSION = 1;
				DEVELOPMENT_TEAM = NLVNJY4FVT;
				GENERATE_INFOPLIST_FILE = YES;
				MARKETING_VERSION = 1.0;
				PRODUCT_BUNDLE_IDENTIFIER = trumanpurnell.SlideUITests;
				PRODUCT_NAME = "$(TARGET_NAME)";
				SWIFT_EMIT_LOC_STRINGS = NO;
				SWIFT_VERSION = 5.0;
				TARGETED_DEVICE_FAMILY = "1,2";
				TEST_TARGET_NAME = Slide;
			};
			name = Release;
		};
/* End XCBuildConfiguration section */

/* Begin XCConfigurationList section */
		8BB1932A29778E2D00EC5967 /* Build configuration list for PBXProject "Slide" */ = {
			isa = XCConfigurationList;
			buildConfigurations = (
				8BB1935629778E2E00EC5967 /* Debug */,
				8BB1935729778E2E00EC5967 /* Release */,
			);
			defaultConfigurationIsVisible = 0;
			defaultConfigurationName = Release;
		};
		8BB1935829778E2E00EC5967 /* Build configuration list for PBXNativeTarget "Slide" */ = {
			isa = XCConfigurationList;
			buildConfigurations = (
				8BB1935929778E2E00EC5967 /* Debug */,
				8BB1935A29778E2E00EC5967 /* Release */,
			);
			defaultConfigurationIsVisible = 0;
			defaultConfigurationName = Release;
		};
		8BB1935B29778E2E00EC5967 /* Build configuration list for PBXNativeTarget "SlideTests" */ = {
			isa = XCConfigurationList;
			buildConfigurations = (
				8BB1935C29778E2E00EC5967 /* Debug */,
				8BB1935D29778E2E00EC5967 /* Release */,
			);
			defaultConfigurationIsVisible = 0;
			defaultConfigurationName = Release;
		};
		8BB1935E29778E2E00EC5967 /* Build configuration list for PBXNativeTarget "SlideUITests" */ = {
			isa = XCConfigurationList;
			buildConfigurations = (
				8BB1935F29778E2E00EC5967 /* Debug */,
				8BB1936029778E2E00EC5967 /* Release */,
			);
			defaultConfigurationIsVisible = 0;
			defaultConfigurationName = Release;
		};
/* End XCConfigurationList section */

/* Begin XCRemoteSwiftPackageReference section */
		8B2FDB1D29C4169000C18123 /* XCRemoteSwiftPackageReference "lottie-ios" */ = {
			isa = XCRemoteSwiftPackageReference;
			repositoryURL = "https://github.com/airbnb/lottie-ios";
			requirement = {
				branch = master;
				kind = branch;
			};
		};
		8B32E5602A1AEFCA0066FD7B /* XCRemoteSwiftPackageReference "swift-protobuf" */ = {
			isa = XCRemoteSwiftPackageReference;
			repositoryURL = "https://github.com/apple/swift-protobuf.git";
			requirement = {
				kind = upToNextMajorVersion;
				minimumVersion = 1.0.0;
			};
		};
		8B530E6729EFD46F0031D7DE /* XCRemoteSwiftPackageReference "WebRTC" */ = {
			isa = XCRemoteSwiftPackageReference;
			repositoryURL = "https://github.com/stasel/WebRTC.git";
			requirement = {
				kind = upToNextMajorVersion;
				minimumVersion = 112.0.0;
			};
		};
/* End XCRemoteSwiftPackageReference section */

/* Begin XCSwiftPackageProductDependency section */
		8B2FDB1E29C4169000C18123 /* Lottie */ = {
			isa = XCSwiftPackageProductDependency;
			package = 8B2FDB1D29C4169000C18123 /* XCRemoteSwiftPackageReference "lottie-ios" */;
			productName = Lottie;
		};
		8B32E5612A1AEFCA0066FD7B /* SwiftProtobuf */ = {
			isa = XCSwiftPackageProductDependency;
			package = 8B32E5602A1AEFCA0066FD7B /* XCRemoteSwiftPackageReference "swift-protobuf" */;
			productName = SwiftProtobuf;
		};
		8B32E5632A1AEFCA0066FD7B /* SwiftProtobufPluginLibrary */ = {
			isa = XCSwiftPackageProductDependency;
			package = 8B32E5602A1AEFCA0066FD7B /* XCRemoteSwiftPackageReference "swift-protobuf" */;
			productName = SwiftProtobufPluginLibrary;
		};
		8B32E5652A1AEFCA0066FD7B /* protoc-gen-swift */ = {
			isa = XCSwiftPackageProductDependency;
			package = 8B32E5602A1AEFCA0066FD7B /* XCRemoteSwiftPackageReference "swift-protobuf" */;
			productName = "protoc-gen-swift";
		};
		8B530E6829EFD46F0031D7DE /* WebRTC */ = {
			isa = XCSwiftPackageProductDependency;
			package = 8B530E6729EFD46F0031D7DE /* XCRemoteSwiftPackageReference "WebRTC" */;
			productName = WebRTC;
		};
/* End XCSwiftPackageProductDependency section */

/* Begin XCVersionGroup section */
		8BB1933D29778E2E00EC5967 /* Slide.xcdatamodeld */ = {
			isa = XCVersionGroup;
			children = (
				8BB1933E29778E2E00EC5967 /* Slide.xcdatamodel */,
			);
			currentVersion = 8BB1933E29778E2E00EC5967 /* Slide.xcdatamodel */;
			path = Slide.xcdatamodeld;
			sourceTree = "<group>";
			versionGroupType = wrapper.xcdatamodel;
		};
/* End XCVersionGroup section */
	};
	rootObject = 8BB1932729778E2D00EC5967 /* Project object */;
}
