// !$*UTF8*$!
{
	archiveVersion = 1;
	classes = {
	};
	objectVersion = 56;
	objects = {

/* Begin PBXBuildFile section */
		8B09E5102BCCFB1700A36C88 /* SwiftProtobuf in Frameworks */ = {isa = PBXBuildFile; productRef = 8B5232D92BCCF38700161FF0 /* SwiftProtobuf */; };
		8B09E5112BCCFB1700A36C88 /* SwiftProtobufPluginLibrary in Frameworks */ = {isa = PBXBuildFile; productRef = 8B5232DA2BCCF38700161FF0 /* SwiftProtobufPluginLibrary */; };
		8B09E5122BCCFB1700A36C88 /* protoc-gen-swift in Frameworks */ = {isa = PBXBuildFile; productRef = 8B5232DB2BCCF38700161FF0 /* protoc-gen-swift */; };
		8B09E5132BCCFB1700A36C88 /* CGRPCZlib in Frameworks */ = {isa = PBXBuildFile; productRef = 8B7E9A912BCCF547008A20E2 /* CGRPCZlib */; };
		8B09E5142BCCFB1700A36C88 /* GRPC in Frameworks */ = {isa = PBXBuildFile; productRef = 8B7E9A922BCCF547008A20E2 /* GRPC */; };
		8B09E5152BCCFB1700A36C88 /* GRPCReflectionService in Frameworks */ = {isa = PBXBuildFile; productRef = 8B7E9A932BCCF547008A20E2 /* GRPCReflectionService */; };
		8B09E5162BCCFB1700A36C88 /* _GRPCCore in Frameworks */ = {isa = PBXBuildFile; productRef = 8B7E9A942BCCF547008A20E2 /* _GRPCCore */; };
		8B09E5172BCCFB1700A36C88 /* protoc-gen-grpc-swift in Frameworks */ = {isa = PBXBuildFile; productRef = 8B7E9A952BCCF547008A20E2 /* protoc-gen-grpc-swift */; };
		8B09E5192BCCFDBC00A36C88 /* SageUserViewModel.swift in Sources */ = {isa = PBXBuildFile; fileRef = 8B09E5182BCCFDBC00A36C88 /* SageUserViewModel.swift */; };
		8B5232D12BCCE71900161FF0 /* SageUserModel.swift in Sources */ = {isa = PBXBuildFile; fileRef = 8B5232D02BCCE71900161FF0 /* SageUserModel.swift */; };
		8BDE2B7D2BCCF9B50048BD31 /* SwiftProtobuf in Frameworks */ = {isa = PBXBuildFile; productRef = 8BDE2B7C2BCCF9B50048BD31 /* SwiftProtobuf */; };
		8BDE2B7F2BCCF9B50048BD31 /* SwiftProtobufPluginLibrary in Frameworks */ = {isa = PBXBuildFile; productRef = 8BDE2B7E2BCCF9B50048BD31 /* SwiftProtobufPluginLibrary */; };
		8BDE2B812BCCF9B50048BD31 /* protoc-gen-swift in Frameworks */ = {isa = PBXBuildFile; productRef = 8BDE2B802BCCF9B50048BD31 /* protoc-gen-swift */; };
		8BDE2B832BCCF9BF0048BD31 /* CGRPCZlib in Frameworks */ = {isa = PBXBuildFile; productRef = 8BDE2B822BCCF9BF0048BD31 /* CGRPCZlib */; };
		8BDE2B852BCCF9BF0048BD31 /* GRPC in Frameworks */ = {isa = PBXBuildFile; productRef = 8BDE2B842BCCF9BF0048BD31 /* GRPC */; };
		8BDE2B872BCCF9BF0048BD31 /* GRPCReflectionService in Frameworks */ = {isa = PBXBuildFile; productRef = 8BDE2B862BCCF9BF0048BD31 /* GRPCReflectionService */; };
		8BDE2B892BCCF9BF0048BD31 /* _GRPCCore in Frameworks */ = {isa = PBXBuildFile; productRef = 8BDE2B882BCCF9BF0048BD31 /* _GRPCCore */; };
		8BDE2B8B2BCCF9BF0048BD31 /* protoc-gen-grpc-swift in Frameworks */ = {isa = PBXBuildFile; productRef = 8BDE2B8A2BCCF9BF0048BD31 /* protoc-gen-grpc-swift */; };
		8BF4F8972BCCE34900DE9702 /* SageApp.swift in Sources */ = {isa = PBXBuildFile; fileRef = 8BF4F8962BCCE34900DE9702 /* SageApp.swift */; };
		8BF4F8992BCCE34900DE9702 /* ContentView.swift in Sources */ = {isa = PBXBuildFile; fileRef = 8BF4F8982BCCE34900DE9702 /* ContentView.swift */; };
		8BF4F89B2BCCE34A00DE9702 /* Assets.xcassets in Resources */ = {isa = PBXBuildFile; fileRef = 8BF4F89A2BCCE34A00DE9702 /* Assets.xcassets */; };
		C93C43D79D0671229C571AA4 /* sage.grpc.swift in Sources */ = {isa = PBXBuildFile; fileRef = 1B3E4C0B9952F83808A32854 /* sage.grpc.swift */; };
		CBA64E14AB3F2C13328B2EEE /* sage.pb.swift in Sources */ = {isa = PBXBuildFile; fileRef = 368847568419DE2706C6438D /* sage.pb.swift */; };
/* End PBXBuildFile section */

/* Begin PBXFileReference section */
		1B3E4C0B9952F83808A32854 /* sage.grpc.swift */ = {isa = PBXFileReference; lastKnownFileType = sourcecode.swift; path = sage.grpc.swift; sourceTree = "<group>"; };
		368847568419DE2706C6438D /* sage.pb.swift */ = {isa = PBXFileReference; lastKnownFileType = sourcecode.swift; path = sage.pb.swift; sourceTree = "<group>"; };
		8B09E5182BCCFDBC00A36C88 /* SageUserViewModel.swift */ = {isa = PBXFileReference; lastKnownFileType = sourcecode.swift; path = SageUserViewModel.swift; sourceTree = "<group>"; };
		8B5232D02BCCE71900161FF0 /* SageUserModel.swift */ = {isa = PBXFileReference; lastKnownFileType = sourcecode.swift; path = SageUserModel.swift; sourceTree = "<group>"; };
		8BF4F8932BCCE34900DE9702 /* Sage.app */ = {isa = PBXFileReference; explicitFileType = wrapper.application; includeInIndex = 0; path = Sage.app; sourceTree = BUILT_PRODUCTS_DIR; };
		8BF4F8962BCCE34900DE9702 /* SageApp.swift */ = {isa = PBXFileReference; lastKnownFileType = sourcecode.swift; path = SageApp.swift; sourceTree = "<group>"; };
		8BF4F8982BCCE34900DE9702 /* ContentView.swift */ = {isa = PBXFileReference; lastKnownFileType = sourcecode.swift; path = ContentView.swift; sourceTree = "<group>"; };
		8BF4F89A2BCCE34A00DE9702 /* Assets.xcassets */ = {isa = PBXFileReference; lastKnownFileType = folder.assetcatalog; path = Assets.xcassets; sourceTree = "<group>"; };
		8BF4F89C2BCCE34A00DE9702 /* Sage.entitlements */ = {isa = PBXFileReference; lastKnownFileType = text.plist.entitlements; path = Sage.entitlements; sourceTree = "<group>"; };
/* End PBXFileReference section */

/* Begin PBXFrameworksBuildPhase section */
		8BDE2B692BCCF8960048BD31 /* Frameworks */ = {
			isa = PBXFrameworksBuildPhase;
			buildActionMask = 2147483647;
			files = (
				8B09E5172BCCFB1700A36C88 /* protoc-gen-grpc-swift in Frameworks */,
				8B09E5162BCCFB1700A36C88 /* _GRPCCore in Frameworks */,
				8B09E5152BCCFB1700A36C88 /* GRPCReflectionService in Frameworks */,
				8B09E5142BCCFB1700A36C88 /* GRPC in Frameworks */,
				8B09E5132BCCFB1700A36C88 /* CGRPCZlib in Frameworks */,
				8B09E5122BCCFB1700A36C88 /* protoc-gen-swift in Frameworks */,
				8B09E5112BCCFB1700A36C88 /* SwiftProtobufPluginLibrary in Frameworks */,
				8B09E5102BCCFB1700A36C88 /* SwiftProtobuf in Frameworks */,
				8BDE2B7F2BCCF9B50048BD31 /* SwiftProtobufPluginLibrary in Frameworks */,
				8BDE2B852BCCF9BF0048BD31 /* GRPC in Frameworks */,
				8BDE2B832BCCF9BF0048BD31 /* CGRPCZlib in Frameworks */,
				8BDE2B872BCCF9BF0048BD31 /* GRPCReflectionService in Frameworks */,
				8BDE2B892BCCF9BF0048BD31 /* _GRPCCore in Frameworks */,
				8BDE2B7D2BCCF9B50048BD31 /* SwiftProtobuf in Frameworks */,
				8BDE2B8B2BCCF9BF0048BD31 /* protoc-gen-grpc-swift in Frameworks */,
				8BDE2B812BCCF9B50048BD31 /* protoc-gen-swift in Frameworks */,
			);
			runOnlyForDeploymentPostprocessing = 0;
		};
/* End PBXFrameworksBuildPhase section */

/* Begin PBXGroup section */
		8B5232D62BCCF2E700161FF0 /* Protos */ = {
			isa = PBXGroup;
			children = (
				368847568419DE2706C6438D /* sage.pb.swift */,
				1B3E4C0B9952F83808A32854 /* sage.grpc.swift */,
			);
			path = Protos;
			sourceTree = "<group>";
		};
		8BF4F88A2BCCE34900DE9702 = {
			isa = PBXGroup;
			children = (
				8BF4F8952BCCE34900DE9702 /* Sage */,
				8BF4F8942BCCE34900DE9702 /* Products */,
			);
			sourceTree = "<group>";
		};
		8BF4F8942BCCE34900DE9702 /* Products */ = {
			isa = PBXGroup;
			children = (
				8BF4F8932BCCE34900DE9702 /* Sage.app */,
			);
			name = Products;
			sourceTree = "<group>";
		};
		8BF4F8952BCCE34900DE9702 /* Sage */ = {
			isa = PBXGroup;
			children = (
				8B5232D62BCCF2E700161FF0 /* Protos */,
				8BF4F8962BCCE34900DE9702 /* SageApp.swift */,
				8B5232D02BCCE71900161FF0 /* SageUserModel.swift */,
				8B09E5182BCCFDBC00A36C88 /* SageUserViewModel.swift */,
				8BF4F8982BCCE34900DE9702 /* ContentView.swift */,
				8BF4F89A2BCCE34A00DE9702 /* Assets.xcassets */,
				8BF4F89C2BCCE34A00DE9702 /* Sage.entitlements */,
			);
			path = Sage;
			sourceTree = "<group>";
		};
/* End PBXGroup section */

/* Begin PBXNativeTarget section */
		8BF4F8922BCCE34900DE9702 /* Sage */ = {
			isa = PBXNativeTarget;
			buildConfigurationList = 8BF4F8A22BCCE34A00DE9702 /* Build configuration list for PBXNativeTarget "Sage" */;
			buildPhases = (
				8BF4F88F2BCCE34900DE9702 /* Sources */,
				8BF4F8912BCCE34900DE9702 /* Resources */,
				8BDE2B692BCCF8960048BD31 /* Frameworks */,
			);
			buildRules = (
			);
			dependencies = (
			);
			name = Sage;
			packageProductDependencies = (
				8B5232D92BCCF38700161FF0 /* SwiftProtobuf */,
				8B5232DA2BCCF38700161FF0 /* SwiftProtobufPluginLibrary */,
				8B5232DB2BCCF38700161FF0 /* protoc-gen-swift */,
				8B7E9A912BCCF547008A20E2 /* CGRPCZlib */,
				8B7E9A922BCCF547008A20E2 /* GRPC */,
				8B7E9A932BCCF547008A20E2 /* GRPCReflectionService */,
				8B7E9A942BCCF547008A20E2 /* _GRPCCore */,
				8B7E9A952BCCF547008A20E2 /* protoc-gen-grpc-swift */,
				8BDE2B7C2BCCF9B50048BD31 /* SwiftProtobuf */,
				8BDE2B7E2BCCF9B50048BD31 /* SwiftProtobufPluginLibrary */,
				8BDE2B802BCCF9B50048BD31 /* protoc-gen-swift */,
				8BDE2B822BCCF9BF0048BD31 /* CGRPCZlib */,
				8BDE2B842BCCF9BF0048BD31 /* GRPC */,
				8BDE2B862BCCF9BF0048BD31 /* GRPCReflectionService */,
				8BDE2B882BCCF9BF0048BD31 /* _GRPCCore */,
				8BDE2B8A2BCCF9BF0048BD31 /* protoc-gen-grpc-swift */,
			);
			productName = Sage;
			productReference = 8BF4F8932BCCE34900DE9702 /* Sage.app */;
			productType = "com.apple.product-type.application";
		};
/* End PBXNativeTarget section */

/* Begin PBXProject section */
		8BF4F88B2BCCE34900DE9702 /* Project object */ = {
			isa = PBXProject;
			attributes = {
				BuildIndependentTargetsInParallel = 1;
				LastSwiftUpdateCheck = 1520;
				LastUpgradeCheck = 1520;
				TargetAttributes = {
					8BF4F8922BCCE34900DE9702 = {
						CreatedOnToolsVersion = 15.2;
					};
				};
			};
			buildConfigurationList = 8BF4F88E2BCCE34900DE9702 /* Build configuration list for PBXProject "Sage" */;
			compatibilityVersion = "Xcode 14.0";
			developmentRegion = en;
			hasScannedForEncodings = 0;
			knownRegions = (
				en,
				Base,
			);
			mainGroup = 8BF4F88A2BCCE34900DE9702;
			packageReferences = (
				8B5232D82BCCF38700161FF0 /* XCRemoteSwiftPackageReference "swift-protobuf" */,
				8B7E9A902BCCF547008A20E2 /* XCRemoteSwiftPackageReference "grpc-swift" */,
			);
			productRefGroup = 8BF4F8942BCCE34900DE9702 /* Products */;
			projectDirPath = "";
			projectRoot = "";
			targets = (
				8BF4F8922BCCE34900DE9702 /* Sage */,
			);
		};
/* End PBXProject section */

/* Begin PBXResourcesBuildPhase section */
		8BF4F8912BCCE34900DE9702 /* Resources */ = {
			isa = PBXResourcesBuildPhase;
			buildActionMask = 2147483647;
			files = (
				8BF4F89B2BCCE34A00DE9702 /* Assets.xcassets in Resources */,
			);
			runOnlyForDeploymentPostprocessing = 0;
		};
/* End PBXResourcesBuildPhase section */

/* Begin PBXSourcesBuildPhase section */
		8BF4F88F2BCCE34900DE9702 /* Sources */ = {
			isa = PBXSourcesBuildPhase;
			buildActionMask = 2147483647;
			files = (
				8B5232D12BCCE71900161FF0 /* SageUserModel.swift in Sources */,
				8BF4F8992BCCE34900DE9702 /* ContentView.swift in Sources */,
				8BF4F8972BCCE34900DE9702 /* SageApp.swift in Sources */,
				8B09E5192BCCFDBC00A36C88 /* SageUserViewModel.swift in Sources */,
				CBA64E14AB3F2C13328B2EEE /* sage.pb.swift in Sources */,
				C93C43D79D0671229C571AA4 /* sage.grpc.swift in Sources */,
			);
			runOnlyForDeploymentPostprocessing = 0;
		};
/* End PBXSourcesBuildPhase section */

/* Begin XCBuildConfiguration section */
		8BF4F8A02BCCE34A00DE9702 /* Debug */ = {
			isa = XCBuildConfiguration;
			buildSettings = {
				ALWAYS_SEARCH_USER_PATHS = NO;
				ASSETCATALOG_COMPILER_GENERATE_SWIFT_ASSET_SYMBOL_EXTENSIONS = YES;
				CLANG_ANALYZER_NONNULL = YES;
				CLANG_ANALYZER_NUMBER_OBJECT_CONVERSION = YES_AGGRESSIVE;
				CLANG_CXX_LANGUAGE_STANDARD = "gnu++20";
				CLANG_ENABLE_MODULES = YES;
				CLANG_ENABLE_OBJC_ARC = YES;
				CLANG_ENABLE_OBJC_WEAK = YES;
				CLANG_WARN_BLOCK_CAPTURE_AUTORELEASING = YES;
				CLANG_WARN_BOOL_CONVERSION = YES;
				CLANG_WARN_COMMA = YES;
				CLANG_WARN_CONSTANT_CONVERSION = YES;
				CLANG_WARN_DEPRECATED_OBJC_IMPLEMENTATIONS = YES;
				CLANG_WARN_DIRECT_OBJC_ISA_USAGE = YES_ERROR;
				CLANG_WARN_DOCUMENTATION_COMMENTS = YES;
				CLANG_WARN_EMPTY_BODY = YES;
				CLANG_WARN_ENUM_CONVERSION = YES;
				CLANG_WARN_INFINITE_RECURSION = YES;
				CLANG_WARN_INT_CONVERSION = YES;
				CLANG_WARN_NON_LITERAL_NULL_CONVERSION = YES;
				CLANG_WARN_OBJC_IMPLICIT_RETAIN_SELF = YES;
				CLANG_WARN_OBJC_LITERAL_CONVERSION = YES;
				CLANG_WARN_OBJC_ROOT_CLASS = YES_ERROR;
				CLANG_WARN_QUOTED_INCLUDE_IN_FRAMEWORK_HEADER = YES;
				CLANG_WARN_RANGE_LOOP_ANALYSIS = YES;
				CLANG_WARN_STRICT_PROTOTYPES = YES;
				CLANG_WARN_SUSPICIOUS_MOVE = YES;
				CLANG_WARN_UNGUARDED_AVAILABILITY = YES_AGGRESSIVE;
				CLANG_WARN_UNREACHABLE_CODE = YES;
				CLANG_WARN__DUPLICATE_METHOD_MATCH = YES;
				COPY_PHASE_STRIP = NO;
				DEBUG_INFORMATION_FORMAT = dwarf;
				ENABLE_STRICT_OBJC_MSGSEND = YES;
				ENABLE_TESTABILITY = YES;
				ENABLE_USER_SCRIPT_SANDBOXING = YES;
				GCC_C_LANGUAGE_STANDARD = gnu17;
				GCC_DYNAMIC_NO_PIC = NO;
				GCC_NO_COMMON_BLOCKS = YES;
				GCC_OPTIMIZATION_LEVEL = 0;
				GCC_PREPROCESSOR_DEFINITIONS = (
					"DEBUG=1",
					"$(inherited)",
				);
				GCC_WARN_64_TO_32_BIT_CONVERSION = YES;
				GCC_WARN_ABOUT_RETURN_TYPE = YES_ERROR;
				GCC_WARN_UNDECLARED_SELECTOR = YES;
				GCC_WARN_UNINITIALIZED_AUTOS = YES_AGGRESSIVE;
				GCC_WARN_UNUSED_FUNCTION = YES;
				GCC_WARN_UNUSED_VARIABLE = YES;
				LOCALIZATION_PREFERS_STRING_CATALOGS = YES;
				MTL_ENABLE_DEBUG_INFO = INCLUDE_SOURCE;
				MTL_FAST_MATH = YES;
				ONLY_ACTIVE_ARCH = YES;
				SWIFT_ACTIVE_COMPILATION_CONDITIONS = "DEBUG $(inherited)";
				SWIFT_OPTIMIZATION_LEVEL = "-Onone";
			};
			name = Debug;
		};
		8BF4F8A12BCCE34A00DE9702 /* Release */ = {
			isa = XCBuildConfiguration;
			buildSettings = {
				ALWAYS_SEARCH_USER_PATHS = NO;
				ASSETCATALOG_COMPILER_GENERATE_SWIFT_ASSET_SYMBOL_EXTENSIONS = YES;
				CLANG_ANALYZER_NONNULL = YES;
				CLANG_ANALYZER_NUMBER_OBJECT_CONVERSION = YES_AGGRESSIVE;
				CLANG_CXX_LANGUAGE_STANDARD = "gnu++20";
				CLANG_ENABLE_MODULES = YES;
				CLANG_ENABLE_OBJC_ARC = YES;
				CLANG_ENABLE_OBJC_WEAK = YES;
				CLANG_WARN_BLOCK_CAPTURE_AUTORELEASING = YES;
				CLANG_WARN_BOOL_CONVERSION = YES;
				CLANG_WARN_COMMA = YES;
				CLANG_WARN_CONSTANT_CONVERSION = YES;
				CLANG_WARN_DEPRECATED_OBJC_IMPLEMENTATIONS = YES;
				CLANG_WARN_DIRECT_OBJC_ISA_USAGE = YES_ERROR;
				CLANG_WARN_DOCUMENTATION_COMMENTS = YES;
				CLANG_WARN_EMPTY_BODY = YES;
				CLANG_WARN_ENUM_CONVERSION = YES;
				CLANG_WARN_INFINITE_RECURSION = YES;
				CLANG_WARN_INT_CONVERSION = YES;
				CLANG_WARN_NON_LITERAL_NULL_CONVERSION = YES;
				CLANG_WARN_OBJC_IMPLICIT_RETAIN_SELF = YES;
				CLANG_WARN_OBJC_LITERAL_CONVERSION = YES;
				CLANG_WARN_OBJC_ROOT_CLASS = YES_ERROR;
				CLANG_WARN_QUOTED_INCLUDE_IN_FRAMEWORK_HEADER = YES;
				CLANG_WARN_RANGE_LOOP_ANALYSIS = YES;
				CLANG_WARN_STRICT_PROTOTYPES = YES;
				CLANG_WARN_SUSPICIOUS_MOVE = YES;
				CLANG_WARN_UNGUARDED_AVAILABILITY = YES_AGGRESSIVE;
				CLANG_WARN_UNREACHABLE_CODE = YES;
				CLANG_WARN__DUPLICATE_METHOD_MATCH = YES;
				COPY_PHASE_STRIP = NO;
				DEBUG_INFORMATION_FORMAT = "dwarf-with-dsym";
				ENABLE_NS_ASSERTIONS = NO;
				ENABLE_STRICT_OBJC_MSGSEND = YES;
				ENABLE_USER_SCRIPT_SANDBOXING = YES;
				GCC_C_LANGUAGE_STANDARD = gnu17;
				GCC_NO_COMMON_BLOCKS = YES;
				GCC_WARN_64_TO_32_BIT_CONVERSION = YES;
				GCC_WARN_ABOUT_RETURN_TYPE = YES_ERROR;
				GCC_WARN_UNDECLARED_SELECTOR = YES;
				GCC_WARN_UNINITIALIZED_AUTOS = YES_AGGRESSIVE;
				GCC_WARN_UNUSED_FUNCTION = YES;
				GCC_WARN_UNUSED_VARIABLE = YES;
				LOCALIZATION_PREFERS_STRING_CATALOGS = YES;
				MTL_ENABLE_DEBUG_INFO = NO;
				MTL_FAST_MATH = YES;
				SWIFT_COMPILATION_MODE = wholemodule;
			};
			name = Release;
		};
		8BF4F8A32BCCE34A00DE9702 /* Debug */ = {
			isa = XCBuildConfiguration;
			buildSettings = {
				ASSETCATALOG_COMPILER_APPICON_NAME = AppIcon;
				ASSETCATALOG_COMPILER_GLOBAL_ACCENT_COLOR_NAME = AccentColor;
				CODE_SIGN_ENTITLEMENTS = Sage/Sage.entitlements;
				CODE_SIGN_STYLE = Automatic;
				CURRENT_PROJECT_VERSION = 1;
				DEVELOPMENT_TEAM = NLVNJY4FVT;
				ENABLE_PREVIEWS = YES;
				GENERATE_INFOPLIST_FILE = YES;
				"INFOPLIST_KEY_UIApplicationSceneManifest_Generation[sdk=iphoneos*]" = YES;
				"INFOPLIST_KEY_UIApplicationSceneManifest_Generation[sdk=iphonesimulator*]" = YES;
				"INFOPLIST_KEY_UIApplicationSupportsIndirectInputEvents[sdk=iphoneos*]" = YES;
				"INFOPLIST_KEY_UIApplicationSupportsIndirectInputEvents[sdk=iphonesimulator*]" = YES;
				"INFOPLIST_KEY_UILaunchScreen_Generation[sdk=iphoneos*]" = YES;
				"INFOPLIST_KEY_UILaunchScreen_Generation[sdk=iphonesimulator*]" = YES;
				"INFOPLIST_KEY_UIStatusBarStyle[sdk=iphoneos*]" = UIStatusBarStyleDefault;
				"INFOPLIST_KEY_UIStatusBarStyle[sdk=iphonesimulator*]" = UIStatusBarStyleDefault;
				INFOPLIST_KEY_UISupportedInterfaceOrientations_iPad = "UIInterfaceOrientationPortrait UIInterfaceOrientationPortraitUpsideDown UIInterfaceOrientationLandscapeLeft UIInterfaceOrientationLandscapeRight";
				INFOPLIST_KEY_UISupportedInterfaceOrientations_iPhone = "UIInterfaceOrientationPortrait UIInterfaceOrientationLandscapeLeft UIInterfaceOrientationLandscapeRight";
				IPHONEOS_DEPLOYMENT_TARGET = 17.2;
				LD_RUNPATH_SEARCH_PATHS = "@executable_path/Frameworks";
				"LD_RUNPATH_SEARCH_PATHS[sdk=macosx*]" = "@executable_path/../Frameworks";
				MACOSX_DEPLOYMENT_TARGET = 14.2;
				MARKETING_VERSION = 1.0;
				PRODUCT_BUNDLE_IDENTIFIER = dating.sage.Sage;
				PRODUCT_NAME = "$(TARGET_NAME)";
				SDKROOT = auto;
				SUPPORTED_PLATFORMS = "iphoneos iphonesimulator macosx";
				SWIFT_EMIT_LOC_STRINGS = YES;
				SWIFT_VERSION = 5.0;
				TARGETED_DEVICE_FAMILY = "1,2";
			};
			name = Debug;
		};
		8BF4F8A42BCCE34A00DE9702 /* Release */ = {
			isa = XCBuildConfiguration;
			buildSettings = {
				ASSETCATALOG_COMPILER_APPICON_NAME = AppIcon;
				ASSETCATALOG_COMPILER_GLOBAL_ACCENT_COLOR_NAME = AccentColor;
				CODE_SIGN_ENTITLEMENTS = Sage/Sage.entitlements;
				CODE_SIGN_STYLE = Automatic;
				CURRENT_PROJECT_VERSION = 1;
				DEVELOPMENT_TEAM = NLVNJY4FVT;
				ENABLE_PREVIEWS = YES;
				GENERATE_INFOPLIST_FILE = YES;
				"INFOPLIST_KEY_UIApplicationSceneManifest_Generation[sdk=iphoneos*]" = YES;
				"INFOPLIST_KEY_UIApplicationSceneManifest_Generation[sdk=iphonesimulator*]" = YES;
				"INFOPLIST_KEY_UIApplicationSupportsIndirectInputEvents[sdk=iphoneos*]" = YES;
				"INFOPLIST_KEY_UIApplicationSupportsIndirectInputEvents[sdk=iphonesimulator*]" = YES;
				"INFOPLIST_KEY_UILaunchScreen_Generation[sdk=iphoneos*]" = YES;
				"INFOPLIST_KEY_UILaunchScreen_Generation[sdk=iphonesimulator*]" = YES;
				"INFOPLIST_KEY_UIStatusBarStyle[sdk=iphoneos*]" = UIStatusBarStyleDefault;
				"INFOPLIST_KEY_UIStatusBarStyle[sdk=iphonesimulator*]" = UIStatusBarStyleDefault;
				INFOPLIST_KEY_UISupportedInterfaceOrientations_iPad = "UIInterfaceOrientationPortrait UIInterfaceOrientationPortraitUpsideDown UIInterfaceOrientationLandscapeLeft UIInterfaceOrientationLandscapeRight";
				INFOPLIST_KEY_UISupportedInterfaceOrientations_iPhone = "UIInterfaceOrientationPortrait UIInterfaceOrientationLandscapeLeft UIInterfaceOrientationLandscapeRight";
				IPHONEOS_DEPLOYMENT_TARGET = 17.2;
				LD_RUNPATH_SEARCH_PATHS = "@executable_path/Frameworks";
				"LD_RUNPATH_SEARCH_PATHS[sdk=macosx*]" = "@executable_path/../Frameworks";
				MACOSX_DEPLOYMENT_TARGET = 14.2;
				MARKETING_VERSION = 1.0;
				PRODUCT_BUNDLE_IDENTIFIER = dating.sage.Sage;
				PRODUCT_NAME = "$(TARGET_NAME)";
				SDKROOT = auto;
				SUPPORTED_PLATFORMS = "iphoneos iphonesimulator macosx";
				SWIFT_EMIT_LOC_STRINGS = YES;
				SWIFT_VERSION = 5.0;
				TARGETED_DEVICE_FAMILY = "1,2";
			};
			name = Release;
		};
/* End XCBuildConfiguration section */

/* Begin XCConfigurationList section */
		8BF4F88E2BCCE34900DE9702 /* Build configuration list for PBXProject "Sage" */ = {
			isa = XCConfigurationList;
			buildConfigurations = (
				8BF4F8A02BCCE34A00DE9702 /* Debug */,
				8BF4F8A12BCCE34A00DE9702 /* Release */,
			);
			defaultConfigurationIsVisible = 0;
			defaultConfigurationName = Release;
		};
		8BF4F8A22BCCE34A00DE9702 /* Build configuration list for PBXNativeTarget "Sage" */ = {
			isa = XCConfigurationList;
			buildConfigurations = (
				8BF4F8A32BCCE34A00DE9702 /* Debug */,
				8BF4F8A42BCCE34A00DE9702 /* Release */,
			);
			defaultConfigurationIsVisible = 0;
			defaultConfigurationName = Release;
		};
/* End XCConfigurationList section */

/* Begin XCRemoteSwiftPackageReference section */
		8B5232D82BCCF38700161FF0 /* XCRemoteSwiftPackageReference "swift-protobuf" */ = {
			isa = XCRemoteSwiftPackageReference;
			repositoryURL = "https://github.com/apple/swift-protobuf.git";
			requirement = {
				kind = upToNextMajorVersion;
				minimumVersion = 1.26.0;
			};
		};
		8B7E9A902BCCF547008A20E2 /* XCRemoteSwiftPackageReference "grpc-swift" */ = {
			isa = XCRemoteSwiftPackageReference;
			repositoryURL = "https://github.com/grpc/grpc-swift";
			requirement = {
				kind = upToNextMajorVersion;
				minimumVersion = 1.22.0;
			};
		};
/* End XCRemoteSwiftPackageReference section */

/* Begin XCSwiftPackageProductDependency section */
		8B5232D92BCCF38700161FF0 /* SwiftProtobuf */ = {
			isa = XCSwiftPackageProductDependency;
			package = 8B5232D82BCCF38700161FF0 /* XCRemoteSwiftPackageReference "swift-protobuf" */;
			productName = SwiftProtobuf;
		};
		8B5232DA2BCCF38700161FF0 /* SwiftProtobufPluginLibrary */ = {
			isa = XCSwiftPackageProductDependency;
			package = 8B5232D82BCCF38700161FF0 /* XCRemoteSwiftPackageReference "swift-protobuf" */;
			productName = SwiftProtobufPluginLibrary;
		};
		8B5232DB2BCCF38700161FF0 /* protoc-gen-swift */ = {
			isa = XCSwiftPackageProductDependency;
			package = 8B5232D82BCCF38700161FF0 /* XCRemoteSwiftPackageReference "swift-protobuf" */;
			productName = "protoc-gen-swift";
		};
		8B7E9A912BCCF547008A20E2 /* CGRPCZlib */ = {
			isa = XCSwiftPackageProductDependency;
			package = 8B7E9A902BCCF547008A20E2 /* XCRemoteSwiftPackageReference "grpc-swift" */;
			productName = CGRPCZlib;
		};
		8B7E9A922BCCF547008A20E2 /* GRPC */ = {
			isa = XCSwiftPackageProductDependency;
			package = 8B7E9A902BCCF547008A20E2 /* XCRemoteSwiftPackageReference "grpc-swift" */;
			productName = GRPC;
		};
		8B7E9A932BCCF547008A20E2 /* GRPCReflectionService */ = {
			isa = XCSwiftPackageProductDependency;
			package = 8B7E9A902BCCF547008A20E2 /* XCRemoteSwiftPackageReference "grpc-swift" */;
			productName = GRPCReflectionService;
		};
		8B7E9A942BCCF547008A20E2 /* _GRPCCore */ = {
			isa = XCSwiftPackageProductDependency;
			package = 8B7E9A902BCCF547008A20E2 /* XCRemoteSwiftPackageReference "grpc-swift" */;
			productName = _GRPCCore;
		};
		8B7E9A952BCCF547008A20E2 /* protoc-gen-grpc-swift */ = {
			isa = XCSwiftPackageProductDependency;
			package = 8B7E9A902BCCF547008A20E2 /* XCRemoteSwiftPackageReference "grpc-swift" */;
			productName = "protoc-gen-grpc-swift";
		};
		8BDE2B7C2BCCF9B50048BD31 /* SwiftProtobuf */ = {
			isa = XCSwiftPackageProductDependency;
			package = 8B5232D82BCCF38700161FF0 /* XCRemoteSwiftPackageReference "swift-protobuf" */;
			productName = SwiftProtobuf;
		};
		8BDE2B7E2BCCF9B50048BD31 /* SwiftProtobufPluginLibrary */ = {
			isa = XCSwiftPackageProductDependency;
			package = 8B5232D82BCCF38700161FF0 /* XCRemoteSwiftPackageReference "swift-protobuf" */;
			productName = SwiftProtobufPluginLibrary;
		};
		8BDE2B802BCCF9B50048BD31 /* protoc-gen-swift */ = {
			isa = XCSwiftPackageProductDependency;
			package = 8B5232D82BCCF38700161FF0 /* XCRemoteSwiftPackageReference "swift-protobuf" */;
			productName = "protoc-gen-swift";
		};
		8BDE2B822BCCF9BF0048BD31 /* CGRPCZlib */ = {
			isa = XCSwiftPackageProductDependency;
			package = 8B7E9A902BCCF547008A20E2 /* XCRemoteSwiftPackageReference "grpc-swift" */;
			productName = CGRPCZlib;
		};
		8BDE2B842BCCF9BF0048BD31 /* GRPC */ = {
			isa = XCSwiftPackageProductDependency;
			package = 8B7E9A902BCCF547008A20E2 /* XCRemoteSwiftPackageReference "grpc-swift" */;
			productName = GRPC;
		};
		8BDE2B862BCCF9BF0048BD31 /* GRPCReflectionService */ = {
			isa = XCSwiftPackageProductDependency;
			package = 8B7E9A902BCCF547008A20E2 /* XCRemoteSwiftPackageReference "grpc-swift" */;
			productName = GRPCReflectionService;
		};
		8BDE2B882BCCF9BF0048BD31 /* _GRPCCore */ = {
			isa = XCSwiftPackageProductDependency;
			package = 8B7E9A902BCCF547008A20E2 /* XCRemoteSwiftPackageReference "grpc-swift" */;
			productName = _GRPCCore;
		};
		8BDE2B8A2BCCF9BF0048BD31 /* protoc-gen-grpc-swift */ = {
			isa = XCSwiftPackageProductDependency;
			package = 8B7E9A902BCCF547008A20E2 /* XCRemoteSwiftPackageReference "grpc-swift" */;
			productName = "protoc-gen-grpc-swift";
		};
/* End XCSwiftPackageProductDependency section */
	};
	rootObject = 8BF4F88B2BCCE34900DE9702 /* Project object */;
}
